// !$*UTF8*$!
{
	archiveVersion = 1;
	classes = {
	};
	objectVersion = 46;
	objects = {

/* Begin PBXBuildFile section */
		6056203427827B2652384B28 /* Growling2.caf in Resources */ = {isa = PBXBuildFile; fileRef = 605626C347C07137C94B634A /* Growling2.caf */; };
		6056203DE6788414F8785DCE /* ManifestationSet.swift in Sources */ = {isa = PBXBuildFile; fileRef = 605624DBF877829699278989 /* ManifestationSet.swift */; };
		60562059F13F04C3C4C2F810 /* OrbVisibilityManifestation.swift in Sources */ = {isa = PBXBuildFile; fileRef = 605623344E4B9138A09341E0 /* OrbVisibilityManifestation.swift */; };
		605620916CECF9A0D42076CE /* FlashlightOffManifestation.swift in Sources */ = {isa = PBXBuildFile; fileRef = 60562CD16816E5A25D1A54DE /* FlashlightOffManifestation.swift */; };
		605620923431C2F2C0D813B9 /* Whispering4.caf in Resources */ = {isa = PBXBuildFile; fileRef = 605627FE9810F2CC8459533A /* Whispering4.caf */; };
		605620A214B70036D075BA02 /* Ghost.png in Resources */ = {isa = PBXBuildFile; fileRef = 605623AFEBF9DE966FC4F9C8 /* Ghost.png */; };
		605620C1419837F52FBA9C0D /* GhostController.swift in Sources */ = {isa = PBXBuildFile; fileRef = 60562AF55525B869C4DF71E8 /* GhostController.swift */; };
		605620F9CE68272F7B52E8FE /* Whispering5.caf in Resources */ = {isa = PBXBuildFile; fileRef = 605621D545E7605247EE43F8 /* Whispering5.caf */; };
		6056211772C8D1F5500741AC /* ActivityChangedMessage.swift in Sources */ = {isa = PBXBuildFile; fileRef = 60562DF7AF8C9AA99FCF7A9D /* ActivityChangedMessage.swift */; };
		6056212BD1E0ABA8B5C661FB /* Crash4.caf in Resources */ = {isa = PBXBuildFile; fileRef = 605627787069715E3039F3B6 /* Crash4.caf */; };
		605621382E7C3740EC90541B /* Growling1.caf in Resources */ = {isa = PBXBuildFile; fileRef = 605627A4E7466C6C9C9DDDD3 /* Growling1.caf */; };
		605621427EE37DF026668720 /* Manifestation.swift in Sources */ = {isa = PBXBuildFile; fileRef = 6056229E60B803921D9DAD2A /* Manifestation.swift */; };
		6056214E061CC91250503D8A /* Screaming3.caf in Resources */ = {isa = PBXBuildFile; fileRef = 60562FEE23C602CB0A3D0100 /* Screaming3.caf */; };
		60562174042389842EE190F0 /* GameViewController.swift in Sources */ = {isa = PBXBuildFile; fileRef = 60562C3B53347366CACB3E77 /* GameViewController.swift */; };
		605621E51ED10750A7EEE5F8 /* FlashlightFlickerManifestation.swift in Sources */ = {isa = PBXBuildFile; fileRef = 60562E20B07571D77F948EEB /* FlashlightFlickerManifestation.swift */; };
		605621ED6843F003FEC97876 /* SoundManifestation.swift in Sources */ = {isa = PBXBuildFile; fileRef = 60562C8D715D46CFF6A5963D /* SoundManifestation.swift */; };
		6056222BCBBF8B02ED11B249 /* Growling1.caf in Resources */ = {isa = PBXBuildFile; fileRef = 605627A4E7466C6C9C9DDDD3 /* Growling1.caf */; };
		60562282CFD515F53F6B462F /* FlashlightController.swift in Sources */ = {isa = PBXBuildFile; fileRef = 60562387327536ED28DA3483 /* FlashlightController.swift */; };
		6056228458084616DCB5D683 /* Scratching5.caf in Resources */ = {isa = PBXBuildFile; fileRef = 60562A026AEA8DAA86F12FF8 /* Scratching5.caf */; };
		6056228A61857364B5B88BCB /* Utility.swift in Sources */ = {isa = PBXBuildFile; fileRef = 60562B8D98B9F34FB7BE853B /* Utility.swift */; };
		6056228A8E019F235FE5675A /* YesNoResponseMessage.swift in Sources */ = {isa = PBXBuildFile; fileRef = 60562CEFA3DB6F0CB9E8991F /* YesNoResponseMessage.swift */; };
		605622AB577308BFC86ACD55 /* ArrayExtensions.swift in Sources */ = {isa = PBXBuildFile; fileRef = 605621CC4E8CE0C13A44598D /* ArrayExtensions.swift */; };
		605622C4A4D0F480170F9A9F /* Giggling2.caf in Resources */ = {isa = PBXBuildFile; fileRef = 605629740569E5A5211662D8 /* Giggling2.caf */; };
		605622D9EB02A5B672178222 /* YesNoResponse.swift in Sources */ = {isa = PBXBuildFile; fileRef = 6056209311D7A242E2433B21 /* YesNoResponse.swift */; };
		605622EA0E7F2667FD093687 /* Knocking5.caf in Resources */ = {isa = PBXBuildFile; fileRef = 6056280CF31A525E57949E66 /* Knocking5.caf */; };
		60562305CFE34906C3080009 /* Scratching4.caf in Resources */ = {isa = PBXBuildFile; fileRef = 60562E6F0D4B54D531259741 /* Scratching4.caf */; };
		605623076B4FA9C9072678D6 /* Footsteps5.caf in Resources */ = {isa = PBXBuildFile; fileRef = 6056240D0E8F4DC0B95311E7 /* Footsteps5.caf */; };
		605623297C45AADBBAAFB6F4 /* knocking-angry.caf in Resources */ = {isa = PBXBuildFile; fileRef = 60562ED5EEC2972C2F116F98 /* knocking-angry.caf */; };
		6056236C28D5D814B7E3CA71 /* HeartbeatMessage.swift in Sources */ = {isa = PBXBuildFile; fileRef = 6056272997C9618DB2041738 /* HeartbeatMessage.swift */; };
		605623C95EE0DD5EB5516E19 /* Crash1.caf in Resources */ = {isa = PBXBuildFile; fileRef = 6056257F4F79F024EFC1152E /* Crash1.caf */; };
		605623F8C5F8131DFD13C772 /* VoiceController.swift in Sources */ = {isa = PBXBuildFile; fileRef = 60562C2C0309559CE33858BB /* VoiceController.swift */; };
		60562428C2A5D1CABE99BB9E /* Footsteps7.caf in Resources */ = {isa = PBXBuildFile; fileRef = 6056279788298A000B70F13F /* Footsteps7.caf */; };
		6056244A20AB57B0598AA7DD /* RangeExtensions.swift in Sources */ = {isa = PBXBuildFile; fileRef = 6056230542FF6FE720625B99 /* RangeExtensions.swift */; };
		60562481CC4C3B2D47EEAD98 /* ScoreIncreasedMessage.swift in Sources */ = {isa = PBXBuildFile; fileRef = 60562E9A0FF175CCE9FB00E6 /* ScoreIncreasedMessage.swift */; };
		60562482071FF8B1F33D20A2 /* FlashlightFlickerMessage.swift in Sources */ = {isa = PBXBuildFile; fileRef = 60562AD250A635B02342DCE1 /* FlashlightFlickerMessage.swift */; };
		605624989161E04F606EF23E /* Crash2.caf in Resources */ = {isa = PBXBuildFile; fileRef = 60562BAACA793105F49FCF2D /* Crash2.caf */; };
		6056249FC937F24BC62BFCEF /* Eyes.png in Resources */ = {isa = PBXBuildFile; fileRef = 605628B8E5C15DF095E40E7C /* Eyes.png */; };
		605624A269CF77DB7AA380B6 /* Whispering1.caf in Resources */ = {isa = PBXBuildFile; fileRef = 605621D3FC30731B702C16D8 /* Whispering1.caf */; };
		605624B682373D7515282F8B /* UtteranceMessage.swift in Sources */ = {isa = PBXBuildFile; fileRef = 605629427B0562C227E51E27 /* UtteranceMessage.swift */; };
		605624FCAE4A04A5A7D86E15 /* FlashlightFlickerMessage.swift in Sources */ = {isa = PBXBuildFile; fileRef = 60562AD250A635B02342DCE1 /* FlashlightFlickerMessage.swift */; };
		6056251C58988E6F751022C7 /* HUDController.swift in Sources */ = {isa = PBXBuildFile; fileRef = 605622E9F3484EA52865F6BF /* HUDController.swift */; };
		6056252B1F2A1DD563D026F7 /* Footsteps8.caf in Resources */ = {isa = PBXBuildFile; fileRef = 60562BBF98AFEF734B054B15 /* Footsteps8.caf */; };
		6056252B7201D0DE2A6C1366 /* Screaming1.caf in Resources */ = {isa = PBXBuildFile; fileRef = 6056224320F9DEB85451FB71 /* Screaming1.caf */; };
		6056253F07B4D57D7A62CAE3 /* Crash2.caf in Resources */ = {isa = PBXBuildFile; fileRef = 60562BAACA793105F49FCF2D /* Crash2.caf */; };
		6056254ADA668CDFDD7DD4FB /* FlashlightOnOffMessage.swift in Sources */ = {isa = PBXBuildFile; fileRef = 60562B54D397B4A2EB1A3AA9 /* FlashlightOnOffMessage.swift */; };
		60562556C4C0A95318AF2316 /* Eyes.png in Resources */ = {isa = PBXBuildFile; fileRef = 605628B8E5C15DF095E40E7C /* Eyes.png */; };
		6056256193AACFD970E02174 /* OrbVisibilityManifestation.swift in Sources */ = {isa = PBXBuildFile; fileRef = 605623344E4B9138A09341E0 /* OrbVisibilityManifestation.swift */; };
		6056256DF78B63F231A079DE /* FlashlightOnOffMessage.swift in Sources */ = {isa = PBXBuildFile; fileRef = 60562B54D397B4A2EB1A3AA9 /* FlashlightOnOffMessage.swift */; };
		60562578806E7A3B1959A622 /* Knocking4.caf in Resources */ = {isa = PBXBuildFile; fileRef = 605622F17632C95A35B463F0 /* Knocking4.caf */; };
		6056258524199E4AE60948CE /* ShadowVisibilityManifestation.swift in Sources */ = {isa = PBXBuildFile; fileRef = 605627BC1BA2944CD45034A3 /* ShadowVisibilityManifestation.swift */; };
		605625DBABDDA961E261A3FA /* IsGhostVisibleMessage.swift in Sources */ = {isa = PBXBuildFile; fileRef = 60562C846AA343C8F0CB0535 /* IsGhostVisibleMessage.swift */; };
		605625F31136E7C522DD3BBF /* Ghost.png in Resources */ = {isa = PBXBuildFile; fileRef = 605623AFEBF9DE966FC4F9C8 /* Ghost.png */; };
		6056260E381841C34DDB8477 /* FlashlightOffManifestation.swift in Sources */ = {isa = PBXBuildFile; fileRef = 60562CD16816E5A25D1A54DE /* FlashlightOffManifestation.swift */; };
		60562616F462630F81391868 /* HUDScene.swift in Sources */ = {isa = PBXBuildFile; fileRef = 605625179DF0ADF6269E4D4E /* HUDScene.swift */; };
		6056261BF25471DD2B787AA6 /* Growling3.caf in Resources */ = {isa = PBXBuildFile; fileRef = 60562866AD14E750C290316A /* Growling3.caf */; };
		6056261C86F9A447C38C20DA /* Crash4.caf in Resources */ = {isa = PBXBuildFile; fileRef = 605627787069715E3039F3B6 /* Crash4.caf */; };
		60562626A8671F64519DCE76 /* Crash1.caf in Resources */ = {isa = PBXBuildFile; fileRef = 6056257F4F79F024EFC1152E /* Crash1.caf */; };
		6056266550797DBED3B8799A /* UtteranceMessage.swift in Sources */ = {isa = PBXBuildFile; fileRef = 605629427B0562C227E51E27 /* UtteranceMessage.swift */; };
		60562676C6DCC695B65E4A0E /* YesNoResponseMessage.swift in Sources */ = {isa = PBXBuildFile; fileRef = 60562CEFA3DB6F0CB9E8991F /* YesNoResponseMessage.swift */; };
		60562684FBEE30C528DE7793 /* ResponseBase.swift in Sources */ = {isa = PBXBuildFile; fileRef = 60562483CFE3F10C515D0B38 /* ResponseBase.swift */; };
		6056269C17EAE86F52B6EA22 /* GameOverMessage.swift in Sources */ = {isa = PBXBuildFile; fileRef = 605627CC478334E913667860 /* GameOverMessage.swift */; };
		605626E7B894E7E440B03A0E /* Screaming2.caf in Resources */ = {isa = PBXBuildFile; fileRef = 605629938D6167F0E5848F0C /* Screaming2.caf */; };
		605626F668BC3FC4BEDFED4F /* Crash3.caf in Resources */ = {isa = PBXBuildFile; fileRef = 6056203C7CB8100C739B74B4 /* Crash3.caf */; };
		6056275A8E40AE9DF4135C2B /* ActivityChangedMessage.swift in Sources */ = {isa = PBXBuildFile; fileRef = 60562DF7AF8C9AA99FCF7A9D /* ActivityChangedMessage.swift */; };
		60562762B543842EB3481EDA /* Footsteps6.caf in Resources */ = {isa = PBXBuildFile; fileRef = 60562423E9D3FA6B53B6FE99 /* Footsteps6.caf */; };
		605627A148768F0D8E5AC84F /* ManifestationSet.swift in Sources */ = {isa = PBXBuildFile; fileRef = 605624DBF877829699278989 /* ManifestationSet.swift */; };
		605627C7A532D765C9C4C4EA /* Crash3.caf in Resources */ = {isa = PBXBuildFile; fileRef = 6056203C7CB8100C739B74B4 /* Crash3.caf */; };
		6056280A010B8BF424F5600E /* Footsteps5.caf in Resources */ = {isa = PBXBuildFile; fileRef = 6056240D0E8F4DC0B95311E7 /* Footsteps5.caf */; };
		60562822E194C0C9A383E201 /* FigureVisibilityManifestation.swift in Sources */ = {isa = PBXBuildFile; fileRef = 60562F2D4AE1537C5C72DA5B /* FigureVisibilityManifestation.swift */; };
		605628359B935E111D9062EC /* Knocking5.caf in Resources */ = {isa = PBXBuildFile; fileRef = 6056280CF31A525E57949E66 /* Knocking5.caf */; };
		60562860EBE1C06E634467D0 /* Growling4.caf in Resources */ = {isa = PBXBuildFile; fileRef = 60562B3E7A84F37C9EA7EBE1 /* Growling4.caf */; };
		605628AD60EDEB4950C1D714 /* Footsteps8.caf in Resources */ = {isa = PBXBuildFile; fileRef = 60562BBF98AFEF734B054B15 /* Footsteps8.caf */; };
		605628BE1FF9C736180152E1 /* MistVisibilityManifestation.swift in Sources */ = {isa = PBXBuildFile; fileRef = 6056271C0CCDA59E35E6A345 /* MistVisibilityManifestation.swift */; };
		605628D5F7E6D18A6466C81A /* VisibilityManifestationBase.swift in Sources */ = {isa = PBXBuildFile; fileRef = 60562DCB7C6B6EBC29DD7A19 /* VisibilityManifestationBase.swift */; };
		6056291A2DFD19D5912730DA /* Screaming2.caf in Resources */ = {isa = PBXBuildFile; fileRef = 605629938D6167F0E5848F0C /* Screaming2.caf */; };
		6056292C6A6A92E79A0BC2A3 /* Growling4.caf in Resources */ = {isa = PBXBuildFile; fileRef = 60562B3E7A84F37C9EA7EBE1 /* Growling4.caf */; };
		605629429B39A24BD76C6AC5 /* HUDController.swift in Sources */ = {isa = PBXBuildFile; fileRef = 605622E9F3484EA52865F6BF /* HUDController.swift */; };
		6056298F9E549B866376E700 /* PhraseRecognizedMessage.swift in Sources */ = {isa = PBXBuildFile; fileRef = 605629A6C779E703759C0734 /* PhraseRecognizedMessage.swift */; };
		6056299132E1ECC9D33FAD4A /* VerbalResponse.swift in Sources */ = {isa = PBXBuildFile; fileRef = 60562114179444D0D7B12D34 /* VerbalResponse.swift */; };
		605629C6CED7E221B566A041 /* Shutter.caf in Resources */ = {isa = PBXBuildFile; fileRef = 60562B77E392480FE8A28480 /* Shutter.caf */; };
		605629CF9AD34A6D948A3AEA /* Whispering4.caf in Resources */ = {isa = PBXBuildFile; fileRef = 605627FE9810F2CC8459533A /* Whispering4.caf */; };
		605629D55E97ED61209C26EE /* FigureVisibilityManifestation.swift in Sources */ = {isa = PBXBuildFile; fileRef = 60562F2D4AE1537C5C72DA5B /* FigureVisibilityManifestation.swift */; };
		60562A000C6254D04D772957 /* Messenger.swift in Sources */ = {isa = PBXBuildFile; fileRef = 60562DADA770BFF0430140D4 /* Messenger.swift */; };
		60562A05F8DEEE9D9ABB323B /* Footsteps1.caf in Resources */ = {isa = PBXBuildFile; fileRef = 605627E8C1ECDF2198997B91 /* Footsteps1.caf */; };
		60562A1009E3583B68104BA4 /* GameOverMessage.swift in Sources */ = {isa = PBXBuildFile; fileRef = 605627CC478334E913667860 /* GameOverMessage.swift */; };
		60562A10B764938AE9F53EF4 /* ArrayExtensions.swift in Sources */ = {isa = PBXBuildFile; fileRef = 605621CC4E8CE0C13A44598D /* ArrayExtensions.swift */; };
		60562A2799B9138E57CA2B45 /* Screaming1.caf in Resources */ = {isa = PBXBuildFile; fileRef = 6056224320F9DEB85451FB71 /* Screaming1.caf */; };
		60562A34E396BE02E625F6FE /* Footsteps1.caf in Resources */ = {isa = PBXBuildFile; fileRef = 605627E8C1ECDF2198997B91 /* Footsteps1.caf */; };
		60562A5B9D176EC9D82BDF40 /* Scratching4.caf in Resources */ = {isa = PBXBuildFile; fileRef = 60562E6F0D4B54D531259741 /* Scratching4.caf */; };
		60562A5DE8F0FD9FD1F4EB9A /* MessengerSubscriber.swift in Sources */ = {isa = PBXBuildFile; fileRef = 605628283F75E118B52D0033 /* MessengerSubscriber.swift */; };
		60562A7AC2529004759BDCB1 /* Growling2.caf in Resources */ = {isa = PBXBuildFile; fileRef = 605626C347C07137C94B634A /* Growling2.caf */; };
		60562AC1A9A5F299338B8AD9 /* HUDScene.swift in Sources */ = {isa = PBXBuildFile; fileRef = 605625179DF0ADF6269E4D4E /* HUDScene.swift */; };
		60562AD9FAE9529340746782 /* Giggling1.caf in Resources */ = {isa = PBXBuildFile; fileRef = 60562166C76ED5051A7E67D3 /* Giggling1.caf */; };
		60562ADD48CADCC9B6B34B13 /* Giggling2.caf in Resources */ = {isa = PBXBuildFile; fileRef = 605629740569E5A5211662D8 /* Giggling2.caf */; };
		60562B3A76A55F9A4B17C24F /* VoiceController.swift in Sources */ = {isa = PBXBuildFile; fileRef = 60562C2C0309559CE33858BB /* VoiceController.swift */; };
		60562B60A03BF8A633A1E345 /* Footsteps7.caf in Resources */ = {isa = PBXBuildFile; fileRef = 6056279788298A000B70F13F /* Footsteps7.caf */; };
		60562B6D8B6733899C041E15 /* GhostController.swift in Sources */ = {isa = PBXBuildFile; fileRef = 60562AF55525B869C4DF71E8 /* GhostController.swift */; };
		60562B7CBDCD38E7EACE8921 /* ShadowVisibilityManifestation.swift in Sources */ = {isa = PBXBuildFile; fileRef = 605627BC1BA2944CD45034A3 /* ShadowVisibilityManifestation.swift */; };
		60562BD0791130FB839AF6C1 /* IsGhostInViewMessage.swift in Sources */ = {isa = PBXBuildFile; fileRef = 60562669CEE1253A4A101E2A /* IsGhostInViewMessage.swift */; };
		60562C00F281F80C63E4C05E /* MistVisibilityManifestation.swift in Sources */ = {isa = PBXBuildFile; fileRef = 6056271C0CCDA59E35E6A345 /* MistVisibilityManifestation.swift */; };
		60562C055A66A36384964020 /* ScoreIncreasedMessage.swift in Sources */ = {isa = PBXBuildFile; fileRef = 60562E9A0FF175CCE9FB00E6 /* ScoreIncreasedMessage.swift */; };
		60562C056050E1631F2097CB /* FlashlightFlickerManifestation.swift in Sources */ = {isa = PBXBuildFile; fileRef = 60562E20B07571D77F948EEB /* FlashlightFlickerManifestation.swift */; };
		60562C08484921D90DF43775 /* Utility.swift in Sources */ = {isa = PBXBuildFile; fileRef = 60562B8D98B9F34FB7BE853B /* Utility.swift */; };
		60562C132E7C9BE3A62A93C3 /* AudioToolbox.framework in Frameworks */ = {isa = PBXBuildFile; fileRef = 60562BB1A56A1433159F2F1E /* AudioToolbox.framework */; };
		60562C19E05ABBC8C6710B34 /* PhraseRecognizedMessage.swift in Sources */ = {isa = PBXBuildFile; fileRef = 605629A6C779E703759C0734 /* PhraseRecognizedMessage.swift */; };
		60562C24944D6EB92A338DAD /* Scratching5.caf in Resources */ = {isa = PBXBuildFile; fileRef = 60562A026AEA8DAA86F12FF8 /* Scratching5.caf */; };
		60562C6762F56ABAC2A68D30 /* FlashlightController.swift in Sources */ = {isa = PBXBuildFile; fileRef = 60562387327536ED28DA3483 /* FlashlightController.swift */; };
		60562C7C3618018B68C57C7C /* IsGhostVisibleMessage.swift in Sources */ = {isa = PBXBuildFile; fileRef = 60562C846AA343C8F0CB0535 /* IsGhostVisibleMessage.swift */; };
		60562C88749560C2EA7AA0FE /* Screaming3.caf in Resources */ = {isa = PBXBuildFile; fileRef = 60562FEE23C602CB0A3D0100 /* Screaming3.caf */; };
		60562C8BE20B507B2FF70B35 /* VerbalResponseMessage.swift in Sources */ = {isa = PBXBuildFile; fileRef = 605622E78844510E2C407ABB /* VerbalResponseMessage.swift */; };
		60562C93275EBACBA8490BE7 /* knocking-angry.caf in Resources */ = {isa = PBXBuildFile; fileRef = 60562ED5EEC2972C2F116F98 /* knocking-angry.caf */; };
		60562D029ED62D0FA6E17CE7 /* AVFoundation.framework in Frameworks */ = {isa = PBXBuildFile; fileRef = 605625FED9E2D592EF208DF0 /* AVFoundation.framework */; };
		60562D12438064DD786B3889 /* Scratching3.caf in Resources */ = {isa = PBXBuildFile; fileRef = 60562CE98BE9B5CCCABA4078 /* Scratching3.caf */; };
		60562D1A9C418DE5A8DF320F /* ResponseBase.swift in Sources */ = {isa = PBXBuildFile; fileRef = 60562483CFE3F10C515D0B38 /* ResponseBase.swift */; };
		60562D2A5CBCFAC86477EC9F /* MessengerSubscriber.swift in Sources */ = {isa = PBXBuildFile; fileRef = 605628283F75E118B52D0033 /* MessengerSubscriber.swift */; };
		60562D307537A7C89FEBE65B /* RangeExtensions.swift in Sources */ = {isa = PBXBuildFile; fileRef = 6056230542FF6FE720625B99 /* RangeExtensions.swift */; };
		60562D6C75BC84C1D5FBCD7E /* Shutter.caf in Resources */ = {isa = PBXBuildFile; fileRef = 60562B77E392480FE8A28480 /* Shutter.caf */; };
		60562D7F07B99EA257BECCD6 /* IsGhostInViewMessage.swift in Sources */ = {isa = PBXBuildFile; fileRef = 60562669CEE1253A4A101E2A /* IsGhostInViewMessage.swift */; };
		60562DB548D9C2E5F1ED9351 /* SoundManifestation.swift in Sources */ = {isa = PBXBuildFile; fileRef = 60562C8D715D46CFF6A5963D /* SoundManifestation.swift */; };
		60562DB5FCB9463A058C4FF7 /* YesNoResponse.swift in Sources */ = {isa = PBXBuildFile; fileRef = 6056209311D7A242E2433B21 /* YesNoResponse.swift */; };
		60562E1EEA3522AEFEE9E4C0 /* Manifestation.swift in Sources */ = {isa = PBXBuildFile; fileRef = 6056229E60B803921D9DAD2A /* Manifestation.swift */; };
		60562E2A03411E60C8E35871 /* Footsteps6.caf in Resources */ = {isa = PBXBuildFile; fileRef = 60562423E9D3FA6B53B6FE99 /* Footsteps6.caf */; };
		60562E4C819DBE57800A2E5E /* VerbalResponse.swift in Sources */ = {isa = PBXBuildFile; fileRef = 60562114179444D0D7B12D34 /* VerbalResponse.swift */; };
		60562E6241132BCC9684C12F /* Knocking4.caf in Resources */ = {isa = PBXBuildFile; fileRef = 605622F17632C95A35B463F0 /* Knocking4.caf */; };
		60562E7B8969E3D119B2B0FC /* HeartbeatMessage.swift in Sources */ = {isa = PBXBuildFile; fileRef = 6056272997C9618DB2041738 /* HeartbeatMessage.swift */; };
		60562ED3C93C783598570BD8 /* VerbalResponseMessage.swift in Sources */ = {isa = PBXBuildFile; fileRef = 605622E78844510E2C407ABB /* VerbalResponseMessage.swift */; };
		60562F0A76BF4184C83E0DE7 /* VisibilityManifestationBase.swift in Sources */ = {isa = PBXBuildFile; fileRef = 60562DCB7C6B6EBC29DD7A19 /* VisibilityManifestationBase.swift */; };
		60562F301B0C8D0F36C55115 /* Whispering5.caf in Resources */ = {isa = PBXBuildFile; fileRef = 605621D545E7605247EE43F8 /* Whispering5.caf */; };
		60562F3338D9846452334260 /* Scratching3.caf in Resources */ = {isa = PBXBuildFile; fileRef = 60562CE98BE9B5CCCABA4078 /* Scratching3.caf */; };
		60562F36939E2D6A84B20800 /* Growling3.caf in Resources */ = {isa = PBXBuildFile; fileRef = 60562866AD14E750C290316A /* Growling3.caf */; };
		60562F42E04420EBC7D032FE /* Messenger.swift in Sources */ = {isa = PBXBuildFile; fileRef = 60562DADA770BFF0430140D4 /* Messenger.swift */; };
		60562F99A592FC22AF452327 /* Whispering1.caf in Resources */ = {isa = PBXBuildFile; fileRef = 605621D3FC30731B702C16D8 /* Whispering1.caf */; };
		60562FE10C6EB84DE44D2AE1 /* Giggling1.caf in Resources */ = {isa = PBXBuildFile; fileRef = 60562166C76ED5051A7E67D3 /* Giggling1.caf */; };
		60562FE1788D77780CF5BFD5 /* SceneRendererDelegate.swift in Sources */ = {isa = PBXBuildFile; fileRef = 605622B8995D5AD941755FEF /* SceneRendererDelegate.swift */; };
		8807B5431D541ED500BA3EA5 /* AppDelegate.swift in Sources */ = {isa = PBXBuildFile; fileRef = 8807B5421D541ED500BA3EA5 /* AppDelegate.swift */; };
		8807B5451D541ED500BA3EA5 /* art.scnassets in Resources */ = {isa = PBXBuildFile; fileRef = 8807B5441D541ED500BA3EA5 /* art.scnassets */; };
		8807B54A1D541ED500BA3EA5 /* Main.storyboard in Resources */ = {isa = PBXBuildFile; fileRef = 8807B5481D541ED500BA3EA5 /* Main.storyboard */; };
		8807B54C1D541ED500BA3EA5 /* Assets.xcassets in Resources */ = {isa = PBXBuildFile; fileRef = 8807B54B1D541ED500BA3EA5 /* Assets.xcassets */; };
		8807B54F1D541ED500BA3EA5 /* LaunchScreen.storyboard in Resources */ = {isa = PBXBuildFile; fileRef = 8807B54D1D541ED500BA3EA5 /* LaunchScreen.storyboard */; };
		8807B55A1D541ED500BA3EA5 /* GhostHuntSimTests.swift in Sources */ = {isa = PBXBuildFile; fileRef = 8807B5591D541ED500BA3EA5 /* GhostHuntSimTests.swift */; };
		881EFDFE1D90CB66008D8B79 /* Mist.scnp in Resources */ = {isa = PBXBuildFile; fileRef = 881EFDFC1D90CB66008D8B79 /* Mist.scnp */; };
		881EFDFF1D90CB66008D8B79 /* Mist.scnp in Resources */ = {isa = PBXBuildFile; fileRef = 881EFDFC1D90CB66008D8B79 /* Mist.scnp */; };
		881EFE001D90CB66008D8B79 /* smoke.png in Resources */ = {isa = PBXBuildFile; fileRef = 881EFDFD1D90CB66008D8B79 /* smoke.png */; };
		881EFE011D90CB66008D8B79 /* smoke.png in Resources */ = {isa = PBXBuildFile; fileRef = 881EFDFD1D90CB66008D8B79 /* smoke.png */; };
		882E44CB1DA1ED8800017793 /* Roar1.caf in Resources */ = {isa = PBXBuildFile; fileRef = 882E44C61DA1ED8800017793 /* Roar1.caf */; };
		882E44CC1DA1ED8800017793 /* Roar1.caf in Resources */ = {isa = PBXBuildFile; fileRef = 882E44C61DA1ED8800017793 /* Roar1.caf */; };
		882E44CD1DA1ED8800017793 /* Roar2.caf in Resources */ = {isa = PBXBuildFile; fileRef = 882E44C71DA1ED8800017793 /* Roar2.caf */; };
		882E44CE1DA1ED8800017793 /* Roar2.caf in Resources */ = {isa = PBXBuildFile; fileRef = 882E44C71DA1ED8800017793 /* Roar2.caf */; };
		882E44CF1DA1ED8800017793 /* Roar3.caf in Resources */ = {isa = PBXBuildFile; fileRef = 882E44C81DA1ED8800017793 /* Roar3.caf */; };
		882E44D01DA1ED8800017793 /* Roar3.caf in Resources */ = {isa = PBXBuildFile; fileRef = 882E44C81DA1ED8800017793 /* Roar3.caf */; };
		882E44D11DA1ED8800017793 /* Roar4.caf in Resources */ = {isa = PBXBuildFile; fileRef = 882E44C91DA1ED8800017793 /* Roar4.caf */; };
		882E44D21DA1ED8800017793 /* Roar4.caf in Resources */ = {isa = PBXBuildFile; fileRef = 882E44C91DA1ED8800017793 /* Roar4.caf */; };
		882E44D31DA1ED8800017793 /* Roar5.caf in Resources */ = {isa = PBXBuildFile; fileRef = 882E44CA1DA1ED8800017793 /* Roar5.caf */; };
		882E44D41DA1ED8800017793 /* Roar5.caf in Resources */ = {isa = PBXBuildFile; fileRef = 882E44CA1DA1ED8800017793 /* Roar5.caf */; };
		8844819E1D94A81500784249 /* Shadow.scnp in Resources */ = {isa = PBXBuildFile; fileRef = 8844819D1D94A81500784249 /* Shadow.scnp */; };
		8844819F1D94A81500784249 /* Shadow.scnp in Resources */ = {isa = PBXBuildFile; fileRef = 8844819D1D94A81500784249 /* Shadow.scnp */; };
		886C13461D9E018300DB507B /* basic1-097_camera_photography_disabled.png in Resources */ = {isa = PBXBuildFile; fileRef = 886C13431D9E018300DB507B /* basic1-097_camera_photography_disabled.png */; };
		886C13471D9E018300DB507B /* basic1-097_camera_photography_disabled.png in Resources */ = {isa = PBXBuildFile; fileRef = 886C13431D9E018300DB507B /* basic1-097_camera_photography_disabled.png */; };
		886C13481D9E018300DB507B /* basic1-097_camera_photography_disabled@2x.png in Resources */ = {isa = PBXBuildFile; fileRef = 886C13441D9E018300DB507B /* basic1-097_camera_photography_disabled@2x.png */; };
		886C13491D9E018300DB507B /* basic1-097_camera_photography_disabled@2x.png in Resources */ = {isa = PBXBuildFile; fileRef = 886C13441D9E018300DB507B /* basic1-097_camera_photography_disabled@2x.png */; };
		886C134A1D9E018300DB507B /* basic1-097_camera_photography_disabled@3x.png in Resources */ = {isa = PBXBuildFile; fileRef = 886C13451D9E018300DB507B /* basic1-097_camera_photography_disabled@3x.png */; };
		886C134B1D9E018300DB507B /* basic1-097_camera_photography_disabled@3x.png in Resources */ = {isa = PBXBuildFile; fileRef = 886C13451D9E018300DB507B /* basic1-097_camera_photography_disabled@3x.png */; };
		88C0CD651D9C8A74006EE494 /* basic2-174_light_bulb.png in Resources */ = {isa = PBXBuildFile; fileRef = 88C0CD5F1D9C8A74006EE494 /* basic2-174_light_bulb.png */; };
		88C0CD661D9C8A74006EE494 /* basic2-174_light_bulb.png in Resources */ = {isa = PBXBuildFile; fileRef = 88C0CD5F1D9C8A74006EE494 /* basic2-174_light_bulb.png */; };
		88C0CD671D9C8A74006EE494 /* basic2-174_light_bulb@2x.png in Resources */ = {isa = PBXBuildFile; fileRef = 88C0CD601D9C8A74006EE494 /* basic2-174_light_bulb@2x.png */; };
		88C0CD681D9C8A74006EE494 /* basic2-174_light_bulb@2x.png in Resources */ = {isa = PBXBuildFile; fileRef = 88C0CD601D9C8A74006EE494 /* basic2-174_light_bulb@2x.png */; };
		88C0CD691D9C8A74006EE494 /* basic2-174_light_bulb@3x.png in Resources */ = {isa = PBXBuildFile; fileRef = 88C0CD611D9C8A74006EE494 /* basic2-174_light_bulb@3x.png */; };
		88C0CD6A1D9C8A74006EE494 /* basic2-174_light_bulb@3x.png in Resources */ = {isa = PBXBuildFile; fileRef = 88C0CD611D9C8A74006EE494 /* basic2-174_light_bulb@3x.png */; };
		88C0CD6B1D9C8A74006EE494 /* basic2-175_light_bulb_on.png in Resources */ = {isa = PBXBuildFile; fileRef = 88C0CD621D9C8A74006EE494 /* basic2-175_light_bulb_on.png */; };
		88C0CD6C1D9C8A74006EE494 /* basic2-175_light_bulb_on.png in Resources */ = {isa = PBXBuildFile; fileRef = 88C0CD621D9C8A74006EE494 /* basic2-175_light_bulb_on.png */; };
		88C0CD6D1D9C8A74006EE494 /* basic2-175_light_bulb_on@2x.png in Resources */ = {isa = PBXBuildFile; fileRef = 88C0CD631D9C8A74006EE494 /* basic2-175_light_bulb_on@2x.png */; };
		88C0CD6E1D9C8A74006EE494 /* basic2-175_light_bulb_on@2x.png in Resources */ = {isa = PBXBuildFile; fileRef = 88C0CD631D9C8A74006EE494 /* basic2-175_light_bulb_on@2x.png */; };
		88C0CD6F1D9C8A74006EE494 /* basic2-175_light_bulb_on@3x.png in Resources */ = {isa = PBXBuildFile; fileRef = 88C0CD641D9C8A74006EE494 /* basic2-175_light_bulb_on@3x.png */; };
		88C0CD701D9C8A74006EE494 /* basic2-175_light_bulb_on@3x.png in Resources */ = {isa = PBXBuildFile; fileRef = 88C0CD641D9C8A74006EE494 /* basic2-175_light_bulb_on@3x.png */; };
		88C0CD771D9C8BE1006EE494 /* basic1-164_temperature_high.png in Resources */ = {isa = PBXBuildFile; fileRef = 88C0CD711D9C8BE1006EE494 /* basic1-164_temperature_high.png */; };
		88C0CD781D9C8BE1006EE494 /* basic1-164_temperature_high.png in Resources */ = {isa = PBXBuildFile; fileRef = 88C0CD711D9C8BE1006EE494 /* basic1-164_temperature_high.png */; };
		88C0CD791D9C8BE1006EE494 /* basic1-164_temperature_high@2x.png in Resources */ = {isa = PBXBuildFile; fileRef = 88C0CD721D9C8BE1006EE494 /* basic1-164_temperature_high@2x.png */; };
		88C0CD7A1D9C8BE1006EE494 /* basic1-164_temperature_high@2x.png in Resources */ = {isa = PBXBuildFile; fileRef = 88C0CD721D9C8BE1006EE494 /* basic1-164_temperature_high@2x.png */; };
		88C0CD7B1D9C8BE1006EE494 /* basic1-164_temperature_high@3x.png in Resources */ = {isa = PBXBuildFile; fileRef = 88C0CD731D9C8BE1006EE494 /* basic1-164_temperature_high@3x.png */; };
		88C0CD7C1D9C8BE1006EE494 /* basic1-164_temperature_high@3x.png in Resources */ = {isa = PBXBuildFile; fileRef = 88C0CD731D9C8BE1006EE494 /* basic1-164_temperature_high@3x.png */; };
		88C0CD7D1D9C8BE1006EE494 /* basic1-165_temperature_low.png in Resources */ = {isa = PBXBuildFile; fileRef = 88C0CD741D9C8BE1006EE494 /* basic1-165_temperature_low.png */; };
		88C0CD7E1D9C8BE1006EE494 /* basic1-165_temperature_low.png in Resources */ = {isa = PBXBuildFile; fileRef = 88C0CD741D9C8BE1006EE494 /* basic1-165_temperature_low.png */; };
		88C0CD7F1D9C8BE1006EE494 /* basic1-165_temperature_low@2x.png in Resources */ = {isa = PBXBuildFile; fileRef = 88C0CD751D9C8BE1006EE494 /* basic1-165_temperature_low@2x.png */; };
		88C0CD801D9C8BE1006EE494 /* basic1-165_temperature_low@2x.png in Resources */ = {isa = PBXBuildFile; fileRef = 88C0CD751D9C8BE1006EE494 /* basic1-165_temperature_low@2x.png */; };
		88C0CD811D9C8BE1006EE494 /* basic1-165_temperature_low@3x.png in Resources */ = {isa = PBXBuildFile; fileRef = 88C0CD761D9C8BE1006EE494 /* basic1-165_temperature_low@3x.png */; };
		88C0CD821D9C8BE1006EE494 /* basic1-165_temperature_low@3x.png in Resources */ = {isa = PBXBuildFile; fileRef = 88C0CD761D9C8BE1006EE494 /* basic1-165_temperature_low@3x.png */; };
		88C0CD861D9C9623006EE494 /* basic1-097_camera_photography.png in Resources */ = {isa = PBXBuildFile; fileRef = 88C0CD831D9C9623006EE494 /* basic1-097_camera_photography.png */; };
		88C0CD871D9C9623006EE494 /* basic1-097_camera_photography.png in Resources */ = {isa = PBXBuildFile; fileRef = 88C0CD831D9C9623006EE494 /* basic1-097_camera_photography.png */; };
		88C0CD881D9C9623006EE494 /* basic1-097_camera_photography@2x.png in Resources */ = {isa = PBXBuildFile; fileRef = 88C0CD841D9C9623006EE494 /* basic1-097_camera_photography@2x.png */; };
		88C0CD891D9C9623006EE494 /* basic1-097_camera_photography@2x.png in Resources */ = {isa = PBXBuildFile; fileRef = 88C0CD841D9C9623006EE494 /* basic1-097_camera_photography@2x.png */; };
		88C0CD8A1D9C9623006EE494 /* basic1-097_camera_photography@3x.png in Resources */ = {isa = PBXBuildFile; fileRef = 88C0CD851D9C9623006EE494 /* basic1-097_camera_photography@3x.png */; };
		88C0CD8B1D9C9623006EE494 /* basic1-097_camera_photography@3x.png in Resources */ = {isa = PBXBuildFile; fileRef = 88C0CD851D9C9623006EE494 /* basic1-097_camera_photography@3x.png */; };
		88C0CD8F1D9C9B3B006EE494 /* basic2-293_dashboard_gauge.png in Resources */ = {isa = PBXBuildFile; fileRef = 88C0CD8C1D9C9B3B006EE494 /* basic2-293_dashboard_gauge.png */; };
		88C0CD901D9C9B3B006EE494 /* basic2-293_dashboard_gauge.png in Resources */ = {isa = PBXBuildFile; fileRef = 88C0CD8C1D9C9B3B006EE494 /* basic2-293_dashboard_gauge.png */; };
		88C0CD911D9C9B3B006EE494 /* basic2-293_dashboard_gauge@2x.png in Resources */ = {isa = PBXBuildFile; fileRef = 88C0CD8D1D9C9B3B006EE494 /* basic2-293_dashboard_gauge@2x.png */; };
		88C0CD921D9C9B3B006EE494 /* basic2-293_dashboard_gauge@2x.png in Resources */ = {isa = PBXBuildFile; fileRef = 88C0CD8D1D9C9B3B006EE494 /* basic2-293_dashboard_gauge@2x.png */; };
		88C0CD931D9C9B3B006EE494 /* basic2-293_dashboard_gauge@3x.png in Resources */ = {isa = PBXBuildFile; fileRef = 88C0CD8E1D9C9B3B006EE494 /* basic2-293_dashboard_gauge@3x.png */; };
		88C0CD941D9C9B3B006EE494 /* basic2-293_dashboard_gauge@3x.png in Resources */ = {isa = PBXBuildFile; fileRef = 88C0CD8E1D9C9B3B006EE494 /* basic2-293_dashboard_gauge@3x.png */; };
		88C0CD9B1D9CAC49006EE494 /* basic2-001_comment_bubble_chat.png in Resources */ = {isa = PBXBuildFile; fileRef = 88C0CD951D9CAC49006EE494 /* basic2-001_comment_bubble_chat.png */; };
		88C0CD9C1D9CAC49006EE494 /* basic2-001_comment_bubble_chat.png in Resources */ = {isa = PBXBuildFile; fileRef = 88C0CD951D9CAC49006EE494 /* basic2-001_comment_bubble_chat.png */; };
		88C0CD9D1D9CAC49006EE494 /* basic2-001_comment_bubble_chat@2x.png in Resources */ = {isa = PBXBuildFile; fileRef = 88C0CD961D9CAC49006EE494 /* basic2-001_comment_bubble_chat@2x.png */; };
		88C0CD9E1D9CAC49006EE494 /* basic2-001_comment_bubble_chat@2x.png in Resources */ = {isa = PBXBuildFile; fileRef = 88C0CD961D9CAC49006EE494 /* basic2-001_comment_bubble_chat@2x.png */; };
		88C0CD9F1D9CAC49006EE494 /* basic2-001_comment_bubble_chat@3x.png in Resources */ = {isa = PBXBuildFile; fileRef = 88C0CD971D9CAC49006EE494 /* basic2-001_comment_bubble_chat@3x.png */; };
		88C0CDA01D9CAC49006EE494 /* basic2-001_comment_bubble_chat@3x.png in Resources */ = {isa = PBXBuildFile; fileRef = 88C0CD971D9CAC49006EE494 /* basic2-001_comment_bubble_chat@3x.png */; };
		88C0CDA11D9CAC49006EE494 /* basic2-072_thumbs_up_like.png in Resources */ = {isa = PBXBuildFile; fileRef = 88C0CD981D9CAC49006EE494 /* basic2-072_thumbs_up_like.png */; };
		88C0CDA21D9CAC49006EE494 /* basic2-072_thumbs_up_like.png in Resources */ = {isa = PBXBuildFile; fileRef = 88C0CD981D9CAC49006EE494 /* basic2-072_thumbs_up_like.png */; };
		88C0CDA31D9CAC49006EE494 /* basic2-072_thumbs_up_like@2x.png in Resources */ = {isa = PBXBuildFile; fileRef = 88C0CD991D9CAC49006EE494 /* basic2-072_thumbs_up_like@2x.png */; };
		88C0CDA41D9CAC49006EE494 /* basic2-072_thumbs_up_like@2x.png in Resources */ = {isa = PBXBuildFile; fileRef = 88C0CD991D9CAC49006EE494 /* basic2-072_thumbs_up_like@2x.png */; };
		88C0CDA51D9CAC49006EE494 /* basic2-072_thumbs_up_like@3x.png in Resources */ = {isa = PBXBuildFile; fileRef = 88C0CD9A1D9CAC49006EE494 /* basic2-072_thumbs_up_like@3x.png */; };
		88C0CDA61D9CAC49006EE494 /* basic2-072_thumbs_up_like@3x.png in Resources */ = {isa = PBXBuildFile; fileRef = 88C0CD9A1D9CAC49006EE494 /* basic2-072_thumbs_up_like@3x.png */; };
		88C2DEFE1D5A931B000D4B5C /* AcousticModelEnglish.bundle in Resources */ = {isa = PBXBuildFile; fileRef = 88C2DEFB1D5A931B000D4B5C /* AcousticModelEnglish.bundle */; };
		88C2DEFF1D5A931B000D4B5C /* AcousticModelEnglish.bundle in Resources */ = {isa = PBXBuildFile; fileRef = 88C2DEFB1D5A931B000D4B5C /* AcousticModelEnglish.bundle */; };
		88C2DF001D5A931B000D4B5C /* OpenEars.framework in Frameworks */ = {isa = PBXBuildFile; fileRef = 88C2DEFC1D5A931B000D4B5C /* OpenEars.framework */; };
		88C2DF011D5A931B000D4B5C /* OpenEars.framework in Frameworks */ = {isa = PBXBuildFile; fileRef = 88C2DEFC1D5A931B000D4B5C /* OpenEars.framework */; };
		88C2DF021D5A931B000D4B5C /* Slt.framework in Frameworks */ = {isa = PBXBuildFile; fileRef = 88C2DEFD1D5A931B000D4B5C /* Slt.framework */; };
		88C2DF031D5A931B000D4B5C /* Slt.framework in Frameworks */ = {isa = PBXBuildFile; fileRef = 88C2DEFD1D5A931B000D4B5C /* Slt.framework */; };
		88EE999F1D90C59C007773F1 /* Rejecto.framework in Frameworks */ = {isa = PBXBuildFile; fileRef = 88EE999E1D90C59C007773F1 /* Rejecto.framework */; };
		88EE99A01D90C59C007773F1 /* Rejecto.framework in Frameworks */ = {isa = PBXBuildFile; fileRef = 88EE999E1D90C59C007773F1 /* Rejecto.framework */; };
/* End PBXBuildFile section */

/* Begin PBXContainerItemProxy section */
		8807B5561D541ED500BA3EA5 /* PBXContainerItemProxy */ = {
			isa = PBXContainerItemProxy;
			containerPortal = 8807B5371D541ED500BA3EA5 /* Project object */;
			proxyType = 1;
			remoteGlobalIDString = 8807B53E1D541ED500BA3EA5;
			remoteInfo = GhostHuntSim;
		};
/* End PBXContainerItemProxy section */

/* Begin PBXFileReference section */
		6056203C7CB8100C739B74B4 /* Crash3.caf */ = {isa = PBXFileReference; lastKnownFileType = file.caf; path = Crash3.caf; sourceTree = "<group>"; };
		6056209311D7A242E2433B21 /* YesNoResponse.swift */ = {isa = PBXFileReference; fileEncoding = 4; lastKnownFileType = sourcecode.swift; path = YesNoResponse.swift; sourceTree = "<group>"; };
		60562114179444D0D7B12D34 /* VerbalResponse.swift */ = {isa = PBXFileReference; fileEncoding = 4; lastKnownFileType = sourcecode.swift; path = VerbalResponse.swift; sourceTree = "<group>"; };
		60562166C76ED5051A7E67D3 /* Giggling1.caf */ = {isa = PBXFileReference; lastKnownFileType = file.caf; path = Giggling1.caf; sourceTree = "<group>"; };
		605621CC4E8CE0C13A44598D /* ArrayExtensions.swift */ = {isa = PBXFileReference; fileEncoding = 4; lastKnownFileType = sourcecode.swift; path = ArrayExtensions.swift; sourceTree = "<group>"; };
		605621D3FC30731B702C16D8 /* Whispering1.caf */ = {isa = PBXFileReference; lastKnownFileType = file.caf; path = Whispering1.caf; sourceTree = "<group>"; };
		605621D545E7605247EE43F8 /* Whispering5.caf */ = {isa = PBXFileReference; lastKnownFileType = file.caf; path = Whispering5.caf; sourceTree = "<group>"; };
		6056224320F9DEB85451FB71 /* Screaming1.caf */ = {isa = PBXFileReference; lastKnownFileType = file.caf; path = Screaming1.caf; sourceTree = "<group>"; };
		6056229E60B803921D9DAD2A /* Manifestation.swift */ = {isa = PBXFileReference; fileEncoding = 4; lastKnownFileType = sourcecode.swift; path = Manifestation.swift; sourceTree = "<group>"; };
		605622B8995D5AD941755FEF /* SceneRendererDelegate.swift */ = {isa = PBXFileReference; fileEncoding = 4; lastKnownFileType = sourcecode.swift; path = SceneRendererDelegate.swift; sourceTree = "<group>"; };
		605622E78844510E2C407ABB /* VerbalResponseMessage.swift */ = {isa = PBXFileReference; fileEncoding = 4; lastKnownFileType = sourcecode.swift; path = VerbalResponseMessage.swift; sourceTree = "<group>"; };
		605622E9F3484EA52865F6BF /* HUDController.swift */ = {isa = PBXFileReference; fileEncoding = 4; lastKnownFileType = sourcecode.swift; path = HUDController.swift; sourceTree = "<group>"; };
		605622F17632C95A35B463F0 /* Knocking4.caf */ = {isa = PBXFileReference; lastKnownFileType = file.caf; path = Knocking4.caf; sourceTree = "<group>"; };
		6056230542FF6FE720625B99 /* RangeExtensions.swift */ = {isa = PBXFileReference; fileEncoding = 4; lastKnownFileType = sourcecode.swift; path = RangeExtensions.swift; sourceTree = "<group>"; };
		605623344E4B9138A09341E0 /* OrbVisibilityManifestation.swift */ = {isa = PBXFileReference; fileEncoding = 4; lastKnownFileType = sourcecode.swift; path = OrbVisibilityManifestation.swift; sourceTree = "<group>"; };
		60562387327536ED28DA3483 /* FlashlightController.swift */ = {isa = PBXFileReference; fileEncoding = 4; lastKnownFileType = sourcecode.swift; path = FlashlightController.swift; sourceTree = "<group>"; };
		605623AFEBF9DE966FC4F9C8 /* Ghost.png */ = {isa = PBXFileReference; lastKnownFileType = image.png; path = Ghost.png; sourceTree = "<group>"; };
		6056240D0E8F4DC0B95311E7 /* Footsteps5.caf */ = {isa = PBXFileReference; lastKnownFileType = file.caf; path = Footsteps5.caf; sourceTree = "<group>"; };
		60562423E9D3FA6B53B6FE99 /* Footsteps6.caf */ = {isa = PBXFileReference; lastKnownFileType = file.caf; path = Footsteps6.caf; sourceTree = "<group>"; };
		60562483CFE3F10C515D0B38 /* ResponseBase.swift */ = {isa = PBXFileReference; fileEncoding = 4; lastKnownFileType = sourcecode.swift; path = ResponseBase.swift; sourceTree = "<group>"; };
		605624DBF877829699278989 /* ManifestationSet.swift */ = {isa = PBXFileReference; fileEncoding = 4; lastKnownFileType = sourcecode.swift; path = ManifestationSet.swift; sourceTree = "<group>"; };
		605625179DF0ADF6269E4D4E /* HUDScene.swift */ = {isa = PBXFileReference; fileEncoding = 4; lastKnownFileType = sourcecode.swift; path = HUDScene.swift; sourceTree = "<group>"; };
		6056257F4F79F024EFC1152E /* Crash1.caf */ = {isa = PBXFileReference; lastKnownFileType = file.caf; path = Crash1.caf; sourceTree = "<group>"; };
		605625FED9E2D592EF208DF0 /* AVFoundation.framework */ = {isa = PBXFileReference; lastKnownFileType = wrapper.framework; name = AVFoundation.framework; path = System/Library/Frameworks/AVFoundation.framework; sourceTree = SDKROOT; };
		60562669CEE1253A4A101E2A /* IsGhostInViewMessage.swift */ = {isa = PBXFileReference; fileEncoding = 4; lastKnownFileType = sourcecode.swift; path = IsGhostInViewMessage.swift; sourceTree = "<group>"; };
		605626C347C07137C94B634A /* Growling2.caf */ = {isa = PBXFileReference; lastKnownFileType = file.caf; path = Growling2.caf; sourceTree = "<group>"; };
		6056271C0CCDA59E35E6A345 /* MistVisibilityManifestation.swift */ = {isa = PBXFileReference; fileEncoding = 4; lastKnownFileType = sourcecode.swift; path = MistVisibilityManifestation.swift; sourceTree = "<group>"; };
		6056272997C9618DB2041738 /* HeartbeatMessage.swift */ = {isa = PBXFileReference; fileEncoding = 4; lastKnownFileType = sourcecode.swift; path = HeartbeatMessage.swift; sourceTree = "<group>"; };
		605627787069715E3039F3B6 /* Crash4.caf */ = {isa = PBXFileReference; lastKnownFileType = file.caf; path = Crash4.caf; sourceTree = "<group>"; };
		6056279788298A000B70F13F /* Footsteps7.caf */ = {isa = PBXFileReference; lastKnownFileType = file.caf; path = Footsteps7.caf; sourceTree = "<group>"; };
		605627A4E7466C6C9C9DDDD3 /* Growling1.caf */ = {isa = PBXFileReference; lastKnownFileType = file.caf; path = Growling1.caf; sourceTree = "<group>"; };
		605627BC1BA2944CD45034A3 /* ShadowVisibilityManifestation.swift */ = {isa = PBXFileReference; fileEncoding = 4; lastKnownFileType = sourcecode.swift; path = ShadowVisibilityManifestation.swift; sourceTree = "<group>"; };
		605627CC478334E913667860 /* GameOverMessage.swift */ = {isa = PBXFileReference; fileEncoding = 4; lastKnownFileType = sourcecode.swift; path = GameOverMessage.swift; sourceTree = "<group>"; };
		605627E8C1ECDF2198997B91 /* Footsteps1.caf */ = {isa = PBXFileReference; lastKnownFileType = file.caf; path = Footsteps1.caf; sourceTree = "<group>"; };
		605627FE9810F2CC8459533A /* Whispering4.caf */ = {isa = PBXFileReference; lastKnownFileType = file.caf; path = Whispering4.caf; sourceTree = "<group>"; };
		6056280CF31A525E57949E66 /* Knocking5.caf */ = {isa = PBXFileReference; lastKnownFileType = file.caf; path = Knocking5.caf; sourceTree = "<group>"; };
		605628283F75E118B52D0033 /* MessengerSubscriber.swift */ = {isa = PBXFileReference; fileEncoding = 4; lastKnownFileType = sourcecode.swift; path = MessengerSubscriber.swift; sourceTree = "<group>"; };
		60562866AD14E750C290316A /* Growling3.caf */ = {isa = PBXFileReference; lastKnownFileType = file.caf; path = Growling3.caf; sourceTree = "<group>"; };
		605628B8E5C15DF095E40E7C /* Eyes.png */ = {isa = PBXFileReference; lastKnownFileType = image.png; path = Eyes.png; sourceTree = "<group>"; };
		605629427B0562C227E51E27 /* UtteranceMessage.swift */ = {isa = PBXFileReference; fileEncoding = 4; lastKnownFileType = sourcecode.swift; path = UtteranceMessage.swift; sourceTree = "<group>"; };
		605629740569E5A5211662D8 /* Giggling2.caf */ = {isa = PBXFileReference; lastKnownFileType = file.caf; path = Giggling2.caf; sourceTree = "<group>"; };
		605629938D6167F0E5848F0C /* Screaming2.caf */ = {isa = PBXFileReference; lastKnownFileType = file.caf; path = Screaming2.caf; sourceTree = "<group>"; };
		605629A6C779E703759C0734 /* PhraseRecognizedMessage.swift */ = {isa = PBXFileReference; fileEncoding = 4; lastKnownFileType = sourcecode.swift; path = PhraseRecognizedMessage.swift; sourceTree = "<group>"; };
		60562A026AEA8DAA86F12FF8 /* Scratching5.caf */ = {isa = PBXFileReference; lastKnownFileType = file.caf; path = Scratching5.caf; sourceTree = "<group>"; };
		60562AD250A635B02342DCE1 /* FlashlightFlickerMessage.swift */ = {isa = PBXFileReference; fileEncoding = 4; lastKnownFileType = sourcecode.swift; path = FlashlightFlickerMessage.swift; sourceTree = "<group>"; };
		60562AF55525B869C4DF71E8 /* GhostController.swift */ = {isa = PBXFileReference; fileEncoding = 4; lastKnownFileType = sourcecode.swift; path = GhostController.swift; sourceTree = "<group>"; };
		60562B3E7A84F37C9EA7EBE1 /* Growling4.caf */ = {isa = PBXFileReference; lastKnownFileType = file.caf; path = Growling4.caf; sourceTree = "<group>"; };
		60562B54D397B4A2EB1A3AA9 /* FlashlightOnOffMessage.swift */ = {isa = PBXFileReference; fileEncoding = 4; lastKnownFileType = sourcecode.swift; path = FlashlightOnOffMessage.swift; sourceTree = "<group>"; };
		60562B77E392480FE8A28480 /* Shutter.caf */ = {isa = PBXFileReference; lastKnownFileType = file.caf; path = Shutter.caf; sourceTree = "<group>"; };
		60562B8D98B9F34FB7BE853B /* Utility.swift */ = {isa = PBXFileReference; fileEncoding = 4; lastKnownFileType = sourcecode.swift; path = Utility.swift; sourceTree = "<group>"; };
		60562BAACA793105F49FCF2D /* Crash2.caf */ = {isa = PBXFileReference; lastKnownFileType = file.caf; path = Crash2.caf; sourceTree = "<group>"; };
		60562BB1A56A1433159F2F1E /* AudioToolbox.framework */ = {isa = PBXFileReference; lastKnownFileType = wrapper.framework; name = AudioToolbox.framework; path = System/Library/Frameworks/AudioToolbox.framework; sourceTree = SDKROOT; };
		60562BBF98AFEF734B054B15 /* Footsteps8.caf */ = {isa = PBXFileReference; lastKnownFileType = file.caf; path = Footsteps8.caf; sourceTree = "<group>"; };
		60562C2C0309559CE33858BB /* VoiceController.swift */ = {isa = PBXFileReference; fileEncoding = 4; lastKnownFileType = sourcecode.swift; path = VoiceController.swift; sourceTree = "<group>"; };
		60562C3B53347366CACB3E77 /* GameViewController.swift */ = {isa = PBXFileReference; fileEncoding = 4; lastKnownFileType = sourcecode.swift; path = GameViewController.swift; sourceTree = "<group>"; };
		60562C846AA343C8F0CB0535 /* IsGhostVisibleMessage.swift */ = {isa = PBXFileReference; fileEncoding = 4; lastKnownFileType = sourcecode.swift; path = IsGhostVisibleMessage.swift; sourceTree = "<group>"; };
		60562C8D715D46CFF6A5963D /* SoundManifestation.swift */ = {isa = PBXFileReference; fileEncoding = 4; lastKnownFileType = sourcecode.swift; path = SoundManifestation.swift; sourceTree = "<group>"; };
		60562CD16816E5A25D1A54DE /* FlashlightOffManifestation.swift */ = {isa = PBXFileReference; fileEncoding = 4; lastKnownFileType = sourcecode.swift; path = FlashlightOffManifestation.swift; sourceTree = "<group>"; };
		60562CE98BE9B5CCCABA4078 /* Scratching3.caf */ = {isa = PBXFileReference; lastKnownFileType = file.caf; path = Scratching3.caf; sourceTree = "<group>"; };
		60562CEFA3DB6F0CB9E8991F /* YesNoResponseMessage.swift */ = {isa = PBXFileReference; fileEncoding = 4; lastKnownFileType = sourcecode.swift; path = YesNoResponseMessage.swift; sourceTree = "<group>"; };
		60562DADA770BFF0430140D4 /* Messenger.swift */ = {isa = PBXFileReference; fileEncoding = 4; lastKnownFileType = sourcecode.swift; path = Messenger.swift; sourceTree = "<group>"; };
		60562DCB7C6B6EBC29DD7A19 /* VisibilityManifestationBase.swift */ = {isa = PBXFileReference; fileEncoding = 4; lastKnownFileType = sourcecode.swift; path = VisibilityManifestationBase.swift; sourceTree = "<group>"; };
		60562DF7AF8C9AA99FCF7A9D /* ActivityChangedMessage.swift */ = {isa = PBXFileReference; fileEncoding = 4; lastKnownFileType = sourcecode.swift; path = ActivityChangedMessage.swift; sourceTree = "<group>"; };
		60562E20B07571D77F948EEB /* FlashlightFlickerManifestation.swift */ = {isa = PBXFileReference; fileEncoding = 4; lastKnownFileType = sourcecode.swift; path = FlashlightFlickerManifestation.swift; sourceTree = "<group>"; };
		60562E6F0D4B54D531259741 /* Scratching4.caf */ = {isa = PBXFileReference; lastKnownFileType = file.caf; path = Scratching4.caf; sourceTree = "<group>"; };
		60562E9A0FF175CCE9FB00E6 /* ScoreIncreasedMessage.swift */ = {isa = PBXFileReference; fileEncoding = 4; lastKnownFileType = sourcecode.swift; path = ScoreIncreasedMessage.swift; sourceTree = "<group>"; };
		60562ED5EEC2972C2F116F98 /* knocking-angry.caf */ = {isa = PBXFileReference; lastKnownFileType = file.caf; path = "knocking-angry.caf"; sourceTree = "<group>"; };
		60562F2D4AE1537C5C72DA5B /* FigureVisibilityManifestation.swift */ = {isa = PBXFileReference; fileEncoding = 4; lastKnownFileType = sourcecode.swift; path = FigureVisibilityManifestation.swift; sourceTree = "<group>"; };
		60562FEE23C602CB0A3D0100 /* Screaming3.caf */ = {isa = PBXFileReference; lastKnownFileType = file.caf; path = Screaming3.caf; sourceTree = "<group>"; };
		8807B53F1D541ED500BA3EA5 /* ARanormal.app */ = {isa = PBXFileReference; explicitFileType = wrapper.application; includeInIndex = 0; path = ARanormal.app; sourceTree = BUILT_PRODUCTS_DIR; };
		8807B5421D541ED500BA3EA5 /* AppDelegate.swift */ = {isa = PBXFileReference; lastKnownFileType = sourcecode.swift; path = AppDelegate.swift; sourceTree = "<group>"; };
		8807B5441D541ED500BA3EA5 /* art.scnassets */ = {isa = PBXFileReference; lastKnownFileType = wrapper.scnassets; path = art.scnassets; sourceTree = "<group>"; };
		8807B5491D541ED500BA3EA5 /* Base */ = {isa = PBXFileReference; lastKnownFileType = file.storyboard; name = Base; path = Base.lproj/Main.storyboard; sourceTree = "<group>"; };
		8807B54B1D541ED500BA3EA5 /* Assets.xcassets */ = {isa = PBXFileReference; lastKnownFileType = folder.assetcatalog; path = Assets.xcassets; sourceTree = "<group>"; };
		8807B54E1D541ED500BA3EA5 /* Base */ = {isa = PBXFileReference; lastKnownFileType = file.storyboard; name = Base; path = Base.lproj/LaunchScreen.storyboard; sourceTree = "<group>"; };
		8807B5501D541ED500BA3EA5 /* Info.plist */ = {isa = PBXFileReference; lastKnownFileType = text.plist.xml; path = Info.plist; sourceTree = "<group>"; };
		8807B5551D541ED500BA3EA5 /* GhostHuntSimTests.xctest */ = {isa = PBXFileReference; explicitFileType = wrapper.cfbundle; includeInIndex = 0; path = GhostHuntSimTests.xctest; sourceTree = BUILT_PRODUCTS_DIR; };
		8807B5591D541ED500BA3EA5 /* GhostHuntSimTests.swift */ = {isa = PBXFileReference; lastKnownFileType = sourcecode.swift; path = GhostHuntSimTests.swift; sourceTree = "<group>"; };
		8807B55B1D541ED500BA3EA5 /* Info.plist */ = {isa = PBXFileReference; lastKnownFileType = text.plist.xml; path = Info.plist; sourceTree = "<group>"; };
		881EFDFC1D90CB66008D8B79 /* Mist.scnp */ = {isa = PBXFileReference; lastKnownFileType = file.scp; path = Mist.scnp; sourceTree = "<group>"; };
		881EFDFD1D90CB66008D8B79 /* smoke.png */ = {isa = PBXFileReference; lastKnownFileType = image.png; path = smoke.png; sourceTree = "<group>"; };
		882E44C61DA1ED8800017793 /* Roar1.caf */ = {isa = PBXFileReference; lastKnownFileType = file; path = Roar1.caf; sourceTree = "<group>"; };
		882E44C71DA1ED8800017793 /* Roar2.caf */ = {isa = PBXFileReference; lastKnownFileType = file; path = Roar2.caf; sourceTree = "<group>"; };
		882E44C81DA1ED8800017793 /* Roar3.caf */ = {isa = PBXFileReference; lastKnownFileType = file; path = Roar3.caf; sourceTree = "<group>"; };
		882E44C91DA1ED8800017793 /* Roar4.caf */ = {isa = PBXFileReference; lastKnownFileType = file; path = Roar4.caf; sourceTree = "<group>"; };
		882E44CA1DA1ED8800017793 /* Roar5.caf */ = {isa = PBXFileReference; lastKnownFileType = file; path = Roar5.caf; sourceTree = "<group>"; };
		8830E4C61D5A976C00BEEE78 /* GhostHuntSim-Bridging-Header.h */ = {isa = PBXFileReference; fileEncoding = 4; lastKnownFileType = sourcecode.c.h; path = "GhostHuntSim-Bridging-Header.h"; sourceTree = "<group>"; };
		8844819D1D94A81500784249 /* Shadow.scnp */ = {isa = PBXFileReference; lastKnownFileType = file.scp; path = Shadow.scnp; sourceTree = "<group>"; };
		886C13431D9E018300DB507B /* basic1-097_camera_photography_disabled.png */ = {isa = PBXFileReference; lastKnownFileType = image.png; path = "basic1-097_camera_photography_disabled.png"; sourceTree = "<group>"; };
		886C13441D9E018300DB507B /* basic1-097_camera_photography_disabled@2x.png */ = {isa = PBXFileReference; lastKnownFileType = image.png; path = "basic1-097_camera_photography_disabled@2x.png"; sourceTree = "<group>"; };
		886C13451D9E018300DB507B /* basic1-097_camera_photography_disabled@3x.png */ = {isa = PBXFileReference; lastKnownFileType = image.png; path = "basic1-097_camera_photography_disabled@3x.png"; sourceTree = "<group>"; };
		88C0CD5F1D9C8A74006EE494 /* basic2-174_light_bulb.png */ = {isa = PBXFileReference; lastKnownFileType = image.png; path = "basic2-174_light_bulb.png"; sourceTree = "<group>"; };
		88C0CD601D9C8A74006EE494 /* basic2-174_light_bulb@2x.png */ = {isa = PBXFileReference; lastKnownFileType = image.png; path = "basic2-174_light_bulb@2x.png"; sourceTree = "<group>"; };
		88C0CD611D9C8A74006EE494 /* basic2-174_light_bulb@3x.png */ = {isa = PBXFileReference; lastKnownFileType = image.png; path = "basic2-174_light_bulb@3x.png"; sourceTree = "<group>"; };
		88C0CD621D9C8A74006EE494 /* basic2-175_light_bulb_on.png */ = {isa = PBXFileReference; lastKnownFileType = image.png; path = "basic2-175_light_bulb_on.png"; sourceTree = "<group>"; };
		88C0CD631D9C8A74006EE494 /* basic2-175_light_bulb_on@2x.png */ = {isa = PBXFileReference; lastKnownFileType = image.png; path = "basic2-175_light_bulb_on@2x.png"; sourceTree = "<group>"; };
		88C0CD641D9C8A74006EE494 /* basic2-175_light_bulb_on@3x.png */ = {isa = PBXFileReference; lastKnownFileType = image.png; path = "basic2-175_light_bulb_on@3x.png"; sourceTree = "<group>"; };
		88C0CD711D9C8BE1006EE494 /* basic1-164_temperature_high.png */ = {isa = PBXFileReference; lastKnownFileType = image.png; path = "basic1-164_temperature_high.png"; sourceTree = "<group>"; };
		88C0CD721D9C8BE1006EE494 /* basic1-164_temperature_high@2x.png */ = {isa = PBXFileReference; lastKnownFileType = image.png; path = "basic1-164_temperature_high@2x.png"; sourceTree = "<group>"; };
		88C0CD731D9C8BE1006EE494 /* basic1-164_temperature_high@3x.png */ = {isa = PBXFileReference; lastKnownFileType = image.png; path = "basic1-164_temperature_high@3x.png"; sourceTree = "<group>"; };
		88C0CD741D9C8BE1006EE494 /* basic1-165_temperature_low.png */ = {isa = PBXFileReference; lastKnownFileType = image.png; path = "basic1-165_temperature_low.png"; sourceTree = "<group>"; };
		88C0CD751D9C8BE1006EE494 /* basic1-165_temperature_low@2x.png */ = {isa = PBXFileReference; lastKnownFileType = image.png; path = "basic1-165_temperature_low@2x.png"; sourceTree = "<group>"; };
		88C0CD761D9C8BE1006EE494 /* basic1-165_temperature_low@3x.png */ = {isa = PBXFileReference; lastKnownFileType = image.png; path = "basic1-165_temperature_low@3x.png"; sourceTree = "<group>"; };
		88C0CD831D9C9623006EE494 /* basic1-097_camera_photography.png */ = {isa = PBXFileReference; lastKnownFileType = image.png; path = "basic1-097_camera_photography.png"; sourceTree = "<group>"; };
		88C0CD841D9C9623006EE494 /* basic1-097_camera_photography@2x.png */ = {isa = PBXFileReference; lastKnownFileType = image.png; path = "basic1-097_camera_photography@2x.png"; sourceTree = "<group>"; };
		88C0CD851D9C9623006EE494 /* basic1-097_camera_photography@3x.png */ = {isa = PBXFileReference; lastKnownFileType = image.png; path = "basic1-097_camera_photography@3x.png"; sourceTree = "<group>"; };
		88C0CD8C1D9C9B3B006EE494 /* basic2-293_dashboard_gauge.png */ = {isa = PBXFileReference; lastKnownFileType = image.png; path = "basic2-293_dashboard_gauge.png"; sourceTree = "<group>"; };
		88C0CD8D1D9C9B3B006EE494 /* basic2-293_dashboard_gauge@2x.png */ = {isa = PBXFileReference; lastKnownFileType = image.png; path = "basic2-293_dashboard_gauge@2x.png"; sourceTree = "<group>"; };
		88C0CD8E1D9C9B3B006EE494 /* basic2-293_dashboard_gauge@3x.png */ = {isa = PBXFileReference; lastKnownFileType = image.png; path = "basic2-293_dashboard_gauge@3x.png"; sourceTree = "<group>"; };
		88C0CD951D9CAC49006EE494 /* basic2-001_comment_bubble_chat.png */ = {isa = PBXFileReference; lastKnownFileType = image.png; path = "basic2-001_comment_bubble_chat.png"; sourceTree = "<group>"; };
		88C0CD961D9CAC49006EE494 /* basic2-001_comment_bubble_chat@2x.png */ = {isa = PBXFileReference; lastKnownFileType = image.png; path = "basic2-001_comment_bubble_chat@2x.png"; sourceTree = "<group>"; };
		88C0CD971D9CAC49006EE494 /* basic2-001_comment_bubble_chat@3x.png */ = {isa = PBXFileReference; lastKnownFileType = image.png; path = "basic2-001_comment_bubble_chat@3x.png"; sourceTree = "<group>"; };
		88C0CD981D9CAC49006EE494 /* basic2-072_thumbs_up_like.png */ = {isa = PBXFileReference; lastKnownFileType = image.png; path = "basic2-072_thumbs_up_like.png"; sourceTree = "<group>"; };
		88C0CD991D9CAC49006EE494 /* basic2-072_thumbs_up_like@2x.png */ = {isa = PBXFileReference; lastKnownFileType = image.png; path = "basic2-072_thumbs_up_like@2x.png"; sourceTree = "<group>"; };
		88C0CD9A1D9CAC49006EE494 /* basic2-072_thumbs_up_like@3x.png */ = {isa = PBXFileReference; lastKnownFileType = image.png; path = "basic2-072_thumbs_up_like@3x.png"; sourceTree = "<group>"; };
		88C2DEFB1D5A931B000D4B5C /* AcousticModelEnglish.bundle */ = {isa = PBXFileReference; lastKnownFileType = "wrapper.plug-in"; path = AcousticModelEnglish.bundle; sourceTree = "<group>"; };
		88C2DEFC1D5A931B000D4B5C /* OpenEars.framework */ = {isa = PBXFileReference; lastKnownFileType = wrapper.framework; path = OpenEars.framework; sourceTree = "<group>"; };
		88C2DEFD1D5A931B000D4B5C /* Slt.framework */ = {isa = PBXFileReference; lastKnownFileType = wrapper.framework; path = Slt.framework; sourceTree = "<group>"; };
		88EE999E1D90C59C007773F1 /* Rejecto.framework */ = {isa = PBXFileReference; lastKnownFileType = wrapper.framework; path = Rejecto.framework; sourceTree = "<group>"; };
/* End PBXFileReference section */

/* Begin PBXFrameworksBuildPhase section */
		8807B53C1D541ED500BA3EA5 /* Frameworks */ = {
			isa = PBXFrameworksBuildPhase;
			buildActionMask = 2147483647;
			files = (
				88EE999F1D90C59C007773F1 /* Rejecto.framework in Frameworks */,
				88C2DF021D5A931B000D4B5C /* Slt.framework in Frameworks */,
				88C2DF001D5A931B000D4B5C /* OpenEars.framework in Frameworks */,
				60562C132E7C9BE3A62A93C3 /* AudioToolbox.framework in Frameworks */,
				60562D029ED62D0FA6E17CE7 /* AVFoundation.framework in Frameworks */,
			);
			runOnlyForDeploymentPostprocessing = 0;
		};
		8807B5521D541ED500BA3EA5 /* Frameworks */ = {
			isa = PBXFrameworksBuildPhase;
			buildActionMask = 2147483647;
			files = (
				88EE99A01D90C59C007773F1 /* Rejecto.framework in Frameworks */,
				88C2DF031D5A931B000D4B5C /* Slt.framework in Frameworks */,
				88C2DF011D5A931B000D4B5C /* OpenEars.framework in Frameworks */,
			);
			runOnlyForDeploymentPostprocessing = 0;
		};
/* End PBXFrameworksBuildPhase section */

/* Begin PBXGroup section */
		6056201D3B4FCB951EED7D9D /* Frameworks */ = {
			isa = PBXGroup;
			children = (
				60562BB1A56A1433159F2F1E /* AudioToolbox.framework */,
				605625FED9E2D592EF208DF0 /* AVFoundation.framework */,
			);
			name = Frameworks;
			sourceTree = "<group>";
		};
		6056233689507E3C170B8B52 /* Images */ = {
			isa = PBXGroup;
			children = (
				886C13431D9E018300DB507B /* basic1-097_camera_photography_disabled.png */,
				886C13441D9E018300DB507B /* basic1-097_camera_photography_disabled@2x.png */,
				886C13451D9E018300DB507B /* basic1-097_camera_photography_disabled@3x.png */,
				88C0CD951D9CAC49006EE494 /* basic2-001_comment_bubble_chat.png */,
				88C0CD961D9CAC49006EE494 /* basic2-001_comment_bubble_chat@2x.png */,
				88C0CD971D9CAC49006EE494 /* basic2-001_comment_bubble_chat@3x.png */,
				88C0CD981D9CAC49006EE494 /* basic2-072_thumbs_up_like.png */,
				88C0CD991D9CAC49006EE494 /* basic2-072_thumbs_up_like@2x.png */,
				88C0CD9A1D9CAC49006EE494 /* basic2-072_thumbs_up_like@3x.png */,
				88C0CD8C1D9C9B3B006EE494 /* basic2-293_dashboard_gauge.png */,
				88C0CD8D1D9C9B3B006EE494 /* basic2-293_dashboard_gauge@2x.png */,
				88C0CD8E1D9C9B3B006EE494 /* basic2-293_dashboard_gauge@3x.png */,
				88C0CD831D9C9623006EE494 /* basic1-097_camera_photography.png */,
				88C0CD841D9C9623006EE494 /* basic1-097_camera_photography@2x.png */,
				88C0CD851D9C9623006EE494 /* basic1-097_camera_photography@3x.png */,
				88C0CD711D9C8BE1006EE494 /* basic1-164_temperature_high.png */,
				88C0CD721D9C8BE1006EE494 /* basic1-164_temperature_high@2x.png */,
				88C0CD731D9C8BE1006EE494 /* basic1-164_temperature_high@3x.png */,
				88C0CD741D9C8BE1006EE494 /* basic1-165_temperature_low.png */,
				88C0CD751D9C8BE1006EE494 /* basic1-165_temperature_low@2x.png */,
				88C0CD761D9C8BE1006EE494 /* basic1-165_temperature_low@3x.png */,
				88C0CD5F1D9C8A74006EE494 /* basic2-174_light_bulb.png */,
				88C0CD601D9C8A74006EE494 /* basic2-174_light_bulb@2x.png */,
				88C0CD611D9C8A74006EE494 /* basic2-174_light_bulb@3x.png */,
				88C0CD621D9C8A74006EE494 /* basic2-175_light_bulb_on.png */,
				88C0CD631D9C8A74006EE494 /* basic2-175_light_bulb_on@2x.png */,
				88C0CD641D9C8A74006EE494 /* basic2-175_light_bulb_on@3x.png */,
				605623AFEBF9DE966FC4F9C8 /* Ghost.png */,
				605628B8E5C15DF095E40E7C /* Eyes.png */,
			);
			path = Images;
			sourceTree = "<group>";
		};
		605623A9855555428EB22BCE /* ParticleSystems */ = {
			isa = PBXGroup;
			children = (
				881EFDFC1D90CB66008D8B79 /* Mist.scnp */,
				881EFDFD1D90CB66008D8B79 /* smoke.png */,
				8844819D1D94A81500784249 /* Shadow.scnp */,
			);
			path = ParticleSystems;
			sourceTree = "<group>";
		};
		60562840DC7ADA703B2BF6D2 /* Scenes */ = {
			isa = PBXGroup;
			children = (
				605625179DF0ADF6269E4D4E /* HUDScene.swift */,
				605622B8995D5AD941755FEF /* SceneRendererDelegate.swift */,
			);
			path = Scenes;
			sourceTree = "<group>";
		};
		605629B2ECA281B3FBC56866 /* Messages */ = {
			isa = PBXGroup;
			children = (
				60562669CEE1253A4A101E2A /* IsGhostInViewMessage.swift */,
				6056272997C9618DB2041738 /* HeartbeatMessage.swift */,
				605629A6C779E703759C0734 /* PhraseRecognizedMessage.swift */,
				60562DF7AF8C9AA99FCF7A9D /* ActivityChangedMessage.swift */,
				60562B54D397B4A2EB1A3AA9 /* FlashlightOnOffMessage.swift */,
				60562AD250A635B02342DCE1 /* FlashlightFlickerMessage.swift */,
				605629427B0562C227E51E27 /* UtteranceMessage.swift */,
				60562CEFA3DB6F0CB9E8991F /* YesNoResponseMessage.swift */,
				605622E78844510E2C407ABB /* VerbalResponseMessage.swift */,
				60562C846AA343C8F0CB0535 /* IsGhostVisibleMessage.swift */,
				60562E9A0FF175CCE9FB00E6 /* ScoreIncreasedMessage.swift */,
				605627CC478334E913667860 /* GameOverMessage.swift */,
			);
			path = Messages;
			sourceTree = "<group>";
		};
		60562A6DFF1EBF8717205075 /* Controllers */ = {
			isa = PBXGroup;
			children = (
				605622E9F3484EA52865F6BF /* HUDController.swift */,
				60562C3B53347366CACB3E77 /* GameViewController.swift */,
				60562C2C0309559CE33858BB /* VoiceController.swift */,
				60562387327536ED28DA3483 /* FlashlightController.swift */,
				60562AF55525B869C4DF71E8 /* GhostController.swift */,
			);
			path = Controllers;
			sourceTree = "<group>";
		};
		60562B31EF21A8D498039298 /* Sounds */ = {
			isa = PBXGroup;
			children = (
				882E44C61DA1ED8800017793 /* Roar1.caf */,
				882E44C71DA1ED8800017793 /* Roar2.caf */,
				882E44C81DA1ED8800017793 /* Roar3.caf */,
				882E44C91DA1ED8800017793 /* Roar4.caf */,
				882E44CA1DA1ED8800017793 /* Roar5.caf */,
				60562ED5EEC2972C2F116F98 /* knocking-angry.caf */,
				605627787069715E3039F3B6 /* Crash4.caf */,
				60562BAACA793105F49FCF2D /* Crash2.caf */,
				6056257F4F79F024EFC1152E /* Crash1.caf */,
				6056203C7CB8100C739B74B4 /* Crash3.caf */,
				6056240D0E8F4DC0B95311E7 /* Footsteps5.caf */,
				605627E8C1ECDF2198997B91 /* Footsteps1.caf */,
				605629740569E5A5211662D8 /* Giggling2.caf */,
				60562166C76ED5051A7E67D3 /* Giggling1.caf */,
				605627A4E7466C6C9C9DDDD3 /* Growling1.caf */,
				605626C347C07137C94B634A /* Growling2.caf */,
				60562B3E7A84F37C9EA7EBE1 /* Growling4.caf */,
				60562866AD14E750C290316A /* Growling3.caf */,
				6056280CF31A525E57949E66 /* Knocking5.caf */,
				605622F17632C95A35B463F0 /* Knocking4.caf */,
				60562E6F0D4B54D531259741 /* Scratching4.caf */,
				60562CE98BE9B5CCCABA4078 /* Scratching3.caf */,
				6056224320F9DEB85451FB71 /* Screaming1.caf */,
				605629938D6167F0E5848F0C /* Screaming2.caf */,
				60562FEE23C602CB0A3D0100 /* Screaming3.caf */,
				605621D3FC30731B702C16D8 /* Whispering1.caf */,
				605627FE9810F2CC8459533A /* Whispering4.caf */,
				60562BBF98AFEF734B054B15 /* Footsteps8.caf */,
				60562423E9D3FA6B53B6FE99 /* Footsteps6.caf */,
				6056279788298A000B70F13F /* Footsteps7.caf */,
				605621D545E7605247EE43F8 /* Whispering5.caf */,
				60562A026AEA8DAA86F12FF8 /* Scratching5.caf */,
				60562B77E392480FE8A28480 /* Shutter.caf */,
			);
			path = Sounds;
			sourceTree = "<group>";
		};
		60562E405D5CA45187C2C773 /* Messenger */ = {
			isa = PBXGroup;
			children = (
				60562DADA770BFF0430140D4 /* Messenger.swift */,
				605628283F75E118B52D0033 /* MessengerSubscriber.swift */,
			);
			path = Messenger;
			sourceTree = "<group>";
		};
		60562E71F4F93F665FCBC93F /* Manifestations */ = {
			isa = PBXGroup;
			children = (
				6056229E60B803921D9DAD2A /* Manifestation.swift */,
				605624DBF877829699278989 /* ManifestationSet.swift */,
				60562C8D715D46CFF6A5963D /* SoundManifestation.swift */,
				60562E20B07571D77F948EEB /* FlashlightFlickerManifestation.swift */,
				60562CD16816E5A25D1A54DE /* FlashlightOffManifestation.swift */,
				605623344E4B9138A09341E0 /* OrbVisibilityManifestation.swift */,
				60562DCB7C6B6EBC29DD7A19 /* VisibilityManifestationBase.swift */,
				6056271C0CCDA59E35E6A345 /* MistVisibilityManifestation.swift */,
				605627BC1BA2944CD45034A3 /* ShadowVisibilityManifestation.swift */,
				60562F2D4AE1537C5C72DA5B /* FigureVisibilityManifestation.swift */,
			);
			path = Manifestations;
			sourceTree = "<group>";
		};
		60562F06E6604D2B7227CE0F /* Extensions */ = {
			isa = PBXGroup;
			children = (
				6056230542FF6FE720625B99 /* RangeExtensions.swift */,
				605621CC4E8CE0C13A44598D /* ArrayExtensions.swift */,
			);
			path = Extensions;
			sourceTree = "<group>";
		};
		60562FCFB93621D73F05E635 /* Responses */ = {
			isa = PBXGroup;
			children = (
				6056209311D7A242E2433B21 /* YesNoResponse.swift */,
				60562483CFE3F10C515D0B38 /* ResponseBase.swift */,
				60562114179444D0D7B12D34 /* VerbalResponse.swift */,
			);
			path = Responses;
			sourceTree = "<group>";
		};
		8807B5361D541ED500BA3EA5 = {
			isa = PBXGroup;
			children = (
				8807B5411D541ED500BA3EA5 /* GhostHuntSim */,
				8807B5581D541ED500BA3EA5 /* GhostHuntSimTests */,
				8807B5401D541ED500BA3EA5 /* Products */,
				88C2DEFA1D5A931B000D4B5C /* Framework */,
				6056201D3B4FCB951EED7D9D /* Frameworks */,
			);
			sourceTree = "<group>";
		};
		8807B5401D541ED500BA3EA5 /* Products */ = {
			isa = PBXGroup;
			children = (
				8807B53F1D541ED500BA3EA5 /* ARanormal.app */,
				8807B5551D541ED500BA3EA5 /* GhostHuntSimTests.xctest */,
			);
			name = Products;
			sourceTree = "<group>";
		};
		8807B5411D541ED500BA3EA5 /* GhostHuntSim */ = {
			isa = PBXGroup;
			children = (
				8807B5421D541ED500BA3EA5 /* AppDelegate.swift */,
				8807B5441D541ED500BA3EA5 /* art.scnassets */,
				8807B5481D541ED500BA3EA5 /* Main.storyboard */,
				8807B54B1D541ED500BA3EA5 /* Assets.xcassets */,
				8807B54D1D541ED500BA3EA5 /* LaunchScreen.storyboard */,
				8807B5501D541ED500BA3EA5 /* Info.plist */,
				8830E4C61D5A976C00BEEE78 /* GhostHuntSim-Bridging-Header.h */,
				605629B2ECA281B3FBC56866 /* Messages */,
				60562B31EF21A8D498039298 /* Sounds */,
				60562E71F4F93F665FCBC93F /* Manifestations */,
				60562F06E6604D2B7227CE0F /* Extensions */,
				60562A6DFF1EBF8717205075 /* Controllers */,
				60562FCFB93621D73F05E635 /* Responses */,
				60562E405D5CA45187C2C773 /* Messenger */,
				60562840DC7ADA703B2BF6D2 /* Scenes */,
				605623A9855555428EB22BCE /* ParticleSystems */,
				6056233689507E3C170B8B52 /* Images */,
				60562B8D98B9F34FB7BE853B /* Utility.swift */,
			);
			path = GhostHuntSim;
			sourceTree = "<group>";
		};
		8807B5581D541ED500BA3EA5 /* GhostHuntSimTests */ = {
			isa = PBXGroup;
			children = (
				8807B5591D541ED500BA3EA5 /* GhostHuntSimTests.swift */,
				8807B55B1D541ED500BA3EA5 /* Info.plist */,
			);
			path = GhostHuntSimTests;
			sourceTree = "<group>";
		};
		88C2DEFA1D5A931B000D4B5C /* Framework */ = {
			isa = PBXGroup;
			children = (
				88EE999E1D90C59C007773F1 /* Rejecto.framework */,
				88C2DEFB1D5A931B000D4B5C /* AcousticModelEnglish.bundle */,
				88C2DEFC1D5A931B000D4B5C /* OpenEars.framework */,
				88C2DEFD1D5A931B000D4B5C /* Slt.framework */,
			);
			path = Framework;
			sourceTree = "<group>";
		};
/* End PBXGroup section */

/* Begin PBXNativeTarget section */
		8807B53E1D541ED500BA3EA5 /* GhostHuntSim */ = {
			isa = PBXNativeTarget;
			buildConfigurationList = 8807B55E1D541ED500BA3EA5 /* Build configuration list for PBXNativeTarget "GhostHuntSim" */;
			buildPhases = (
				8807B53B1D541ED500BA3EA5 /* Sources */,
				8807B53C1D541ED500BA3EA5 /* Frameworks */,
				8807B53D1D541ED500BA3EA5 /* Resources */,
			);
			buildRules = (
			);
			dependencies = (
			);
			name = GhostHuntSim;
			productName = GhostHuntSim;
			productReference = 8807B53F1D541ED500BA3EA5 /* ARanormal.app */;
			productType = "com.apple.product-type.application";
		};
		8807B5541D541ED500BA3EA5 /* GhostHuntSimTests */ = {
			isa = PBXNativeTarget;
			buildConfigurationList = 8807B5611D541ED500BA3EA5 /* Build configuration list for PBXNativeTarget "GhostHuntSimTests" */;
			buildPhases = (
				8807B5511D541ED500BA3EA5 /* Sources */,
				8807B5521D541ED500BA3EA5 /* Frameworks */,
				8807B5531D541ED500BA3EA5 /* Resources */,
			);
			buildRules = (
			);
			dependencies = (
				8807B5571D541ED500BA3EA5 /* PBXTargetDependency */,
			);
			name = GhostHuntSimTests;
			productName = GhostHuntSimTests;
			productReference = 8807B5551D541ED500BA3EA5 /* GhostHuntSimTests.xctest */;
			productType = "com.apple.product-type.bundle.unit-test";
		};
/* End PBXNativeTarget section */

/* Begin PBXProject section */
		8807B5371D541ED500BA3EA5 /* Project object */ = {
			isa = PBXProject;
			attributes = {
				LastSwiftUpdateCheck = 0730;
				LastUpgradeCheck = 0800;
				ORGANIZATIONNAME = "Jesse Douglas";
				TargetAttributes = {
					8807B53E1D541ED500BA3EA5 = {
						CreatedOnToolsVersion = 7.3.1;
						DevelopmentTeam = X295ZZ5D8X;
						LastSwiftMigration = 0800;
						ProvisioningStyle = Automatic;
					};
					8807B5541D541ED500BA3EA5 = {
						CreatedOnToolsVersion = 7.3.1;
						DevelopmentTeam = X295ZZ5D8X;
						LastSwiftMigration = 0800;
						ProvisioningStyle = Automatic;
						TestTargetID = 8807B53E1D541ED500BA3EA5;
					};
				};
			};
			buildConfigurationList = 8807B53A1D541ED500BA3EA5 /* Build configuration list for PBXProject "GhostHuntSim" */;
			compatibilityVersion = "Xcode 3.2";
			developmentRegion = English;
			hasScannedForEncodings = 0;
			knownRegions = (
				en,
				Base,
			);
			mainGroup = 8807B5361D541ED500BA3EA5;
			productRefGroup = 8807B5401D541ED500BA3EA5 /* Products */;
			projectDirPath = "";
			projectRoot = "";
			targets = (
				8807B53E1D541ED500BA3EA5 /* GhostHuntSim */,
				8807B5541D541ED500BA3EA5 /* GhostHuntSimTests */,
			);
		};
/* End PBXProject section */

/* Begin PBXResourcesBuildPhase section */
		8807B53D1D541ED500BA3EA5 /* Resources */ = {
			isa = PBXResourcesBuildPhase;
			buildActionMask = 2147483647;
			files = (
				88C0CD791D9C8BE1006EE494 /* basic1-164_temperature_high@2x.png in Resources */,
				881EFDFE1D90CB66008D8B79 /* Mist.scnp in Resources */,
				88C0CD6D1D9C8A74006EE494 /* basic2-175_light_bulb_on@2x.png in Resources */,
				88C0CD8F1D9C9B3B006EE494 /* basic2-293_dashboard_gauge.png in Resources */,
				88C0CD911D9C9B3B006EE494 /* basic2-293_dashboard_gauge@2x.png in Resources */,
				8807B5451D541ED500BA3EA5 /* art.scnassets in Resources */,
				88C0CD8A1D9C9623006EE494 /* basic1-097_camera_photography@3x.png in Resources */,
				8807B54F1D541ED500BA3EA5 /* LaunchScreen.storyboard in Resources */,
				88C0CD931D9C9B3B006EE494 /* basic2-293_dashboard_gauge@3x.png in Resources */,
				881EFE001D90CB66008D8B79 /* smoke.png in Resources */,
				88C0CD811D9C8BE1006EE494 /* basic1-165_temperature_low@3x.png in Resources */,
				8807B54C1D541ED500BA3EA5 /* Assets.xcassets in Resources */,
				88C2DEFE1D5A931B000D4B5C /* AcousticModelEnglish.bundle in Resources */,
				8807B54A1D541ED500BA3EA5 /* Main.storyboard in Resources */,
				88C0CDA31D9CAC49006EE494 /* basic2-072_thumbs_up_like@2x.png in Resources */,
				886C13481D9E018300DB507B /* basic1-097_camera_photography_disabled@2x.png in Resources */,
				882E44CF1DA1ED8800017793 /* Roar3.caf in Resources */,
				60562C93275EBACBA8490BE7 /* knocking-angry.caf in Resources */,
				8844819E1D94A81500784249 /* Shadow.scnp in Resources */,
				88C0CD861D9C9623006EE494 /* basic1-097_camera_photography.png in Resources */,
				605625F31136E7C522DD3BBF /* Ghost.png in Resources */,
				6056249FC937F24BC62BFCEF /* Eyes.png in Resources */,
				88C0CD7D1D9C8BE1006EE494 /* basic1-165_temperature_low.png in Resources */,
				6056261C86F9A447C38C20DA /* Crash4.caf in Resources */,
				6056253F07B4D57D7A62CAE3 /* Crash2.caf in Resources */,
				605623C95EE0DD5EB5516E19 /* Crash1.caf in Resources */,
				886C134A1D9E018300DB507B /* basic1-097_camera_photography_disabled@3x.png in Resources */,
				605626F668BC3FC4BEDFED4F /* Crash3.caf in Resources */,
				88C0CDA11D9CAC49006EE494 /* basic2-072_thumbs_up_like.png in Resources */,
				605623076B4FA9C9072678D6 /* Footsteps5.caf in Resources */,
				886C13461D9E018300DB507B /* basic1-097_camera_photography_disabled.png in Resources */,
				60562A05F8DEEE9D9ABB323B /* Footsteps1.caf in Resources */,
				60562ADD48CADCC9B6B34B13 /* Giggling2.caf in Resources */,
				60562AD9FAE9529340746782 /* Giggling1.caf in Resources */,
				6056222BCBBF8B02ED11B249 /* Growling1.caf in Resources */,
				88C0CD7B1D9C8BE1006EE494 /* basic1-164_temperature_high@3x.png in Resources */,
				882E44D31DA1ED8800017793 /* Roar5.caf in Resources */,
				60562A7AC2529004759BDCB1 /* Growling2.caf in Resources */,
				60562860EBE1C06E634467D0 /* Growling4.caf in Resources */,
				60562F36939E2D6A84B20800 /* Growling3.caf in Resources */,
				88C0CD9B1D9CAC49006EE494 /* basic2-001_comment_bubble_chat.png in Resources */,
				605628359B935E111D9062EC /* Knocking5.caf in Resources */,
				882E44CB1DA1ED8800017793 /* Roar1.caf in Resources */,
				88C0CD881D9C9623006EE494 /* basic1-097_camera_photography@2x.png in Resources */,
				882E44D11DA1ED8800017793 /* Roar4.caf in Resources */,
				60562578806E7A3B1959A622 /* Knocking4.caf in Resources */,
				88C0CDA51D9CAC49006EE494 /* basic2-072_thumbs_up_like@3x.png in Resources */,
				60562305CFE34906C3080009 /* Scratching4.caf in Resources */,
				88C0CD651D9C8A74006EE494 /* basic2-174_light_bulb.png in Resources */,
				88C0CD6F1D9C8A74006EE494 /* basic2-175_light_bulb_on@3x.png in Resources */,
				60562D12438064DD786B3889 /* Scratching3.caf in Resources */,
				6056252B7201D0DE2A6C1366 /* Screaming1.caf in Resources */,
				605626E7B894E7E440B03A0E /* Screaming2.caf in Resources */,
				6056214E061CC91250503D8A /* Screaming3.caf in Resources */,
				88C0CD9D1D9CAC49006EE494 /* basic2-001_comment_bubble_chat@2x.png in Resources */,
				88C0CD9F1D9CAC49006EE494 /* basic2-001_comment_bubble_chat@3x.png in Resources */,
				605624A269CF77DB7AA380B6 /* Whispering1.caf in Resources */,
				605620923431C2F2C0D813B9 /* Whispering4.caf in Resources */,
				88C0CD7F1D9C8BE1006EE494 /* basic1-165_temperature_low@2x.png in Resources */,
				88C0CD771D9C8BE1006EE494 /* basic1-164_temperature_high.png in Resources */,
				88C0CD671D9C8A74006EE494 /* basic2-174_light_bulb@2x.png in Resources */,
				88C0CD691D9C8A74006EE494 /* basic2-174_light_bulb@3x.png in Resources */,
				88C0CD6B1D9C8A74006EE494 /* basic2-175_light_bulb_on.png in Resources */,
				6056252B1F2A1DD563D026F7 /* Footsteps8.caf in Resources */,
				60562E2A03411E60C8E35871 /* Footsteps6.caf in Resources */,
				882E44CD1DA1ED8800017793 /* Roar2.caf in Resources */,
				60562428C2A5D1CABE99BB9E /* Footsteps7.caf in Resources */,
				60562F301B0C8D0F36C55115 /* Whispering5.caf in Resources */,
				60562C24944D6EB92A338DAD /* Scratching5.caf in Resources */,
				60562D6C75BC84C1D5FBCD7E /* Shutter.caf in Resources */,
			);
			runOnlyForDeploymentPostprocessing = 0;
		};
		8807B5531D541ED500BA3EA5 /* Resources */ = {
			isa = PBXResourcesBuildPhase;
			buildActionMask = 2147483647;
			files = (
				881EFDFF1D90CB66008D8B79 /* Mist.scnp in Resources */,
				88C0CD781D9C8BE1006EE494 /* basic1-164_temperature_high.png in Resources */,
				88C2DEFF1D5A931B000D4B5C /* AcousticModelEnglish.bundle in Resources */,
				88C0CDA21D9CAC49006EE494 /* basic2-072_thumbs_up_like.png in Resources */,
				88C0CD7C1D9C8BE1006EE494 /* basic1-164_temperature_high@3x.png in Resources */,
				886C13471D9E018300DB507B /* basic1-097_camera_photography_disabled.png in Resources */,
				88C0CD891D9C9623006EE494 /* basic1-097_camera_photography@2x.png in Resources */,
				605623297C45AADBBAAFB6F4 /* knocking-angry.caf in Resources */,
				88C0CD901D9C9B3B006EE494 /* basic2-293_dashboard_gauge.png in Resources */,
				8844819F1D94A81500784249 /* Shadow.scnp in Resources */,
				882E44CE1DA1ED8800017793 /* Roar2.caf in Resources */,
				881EFE011D90CB66008D8B79 /* smoke.png in Resources */,
				88C0CD941D9C9B3B006EE494 /* basic2-293_dashboard_gauge@3x.png in Resources */,
				88C0CD7E1D9C8BE1006EE494 /* basic1-165_temperature_low.png in Resources */,
				88C0CD871D9C9623006EE494 /* basic1-097_camera_photography.png in Resources */,
				88C0CD801D9C8BE1006EE494 /* basic1-165_temperature_low@2x.png in Resources */,
				88C0CD821D9C8BE1006EE494 /* basic1-165_temperature_low@3x.png in Resources */,
				605620A214B70036D075BA02 /* Ghost.png in Resources */,
				88C0CD9C1D9CAC49006EE494 /* basic2-001_comment_bubble_chat.png in Resources */,
				60562556C4C0A95318AF2316 /* Eyes.png in Resources */,
				6056212BD1E0ABA8B5C661FB /* Crash4.caf in Resources */,
				88C0CD661D9C8A74006EE494 /* basic2-174_light_bulb.png in Resources */,
				88C0CDA41D9CAC49006EE494 /* basic2-072_thumbs_up_like@2x.png in Resources */,
				605624989161E04F606EF23E /* Crash2.caf in Resources */,
				60562626A8671F64519DCE76 /* Crash1.caf in Resources */,
				882E44CC1DA1ED8800017793 /* Roar1.caf in Resources */,
				605627C7A532D765C9C4C4EA /* Crash3.caf in Resources */,
				88C0CD681D9C8A74006EE494 /* basic2-174_light_bulb@2x.png in Resources */,
				88C0CD6E1D9C8A74006EE494 /* basic2-175_light_bulb_on@2x.png in Resources */,
				6056280A010B8BF424F5600E /* Footsteps5.caf in Resources */,
				886C134B1D9E018300DB507B /* basic1-097_camera_photography_disabled@3x.png in Resources */,
				60562A34E396BE02E625F6FE /* Footsteps1.caf in Resources */,
				605622C4A4D0F480170F9A9F /* Giggling2.caf in Resources */,
				60562FE10C6EB84DE44D2AE1 /* Giggling1.caf in Resources */,
				88C0CD9E1D9CAC49006EE494 /* basic2-001_comment_bubble_chat@2x.png in Resources */,
				605621382E7C3740EC90541B /* Growling1.caf in Resources */,
				6056203427827B2652384B28 /* Growling2.caf in Resources */,
				88C0CD6A1D9C8A74006EE494 /* basic2-174_light_bulb@3x.png in Resources */,
				6056292C6A6A92E79A0BC2A3 /* Growling4.caf in Resources */,
				886C13491D9E018300DB507B /* basic1-097_camera_photography_disabled@2x.png in Resources */,
				882E44D01DA1ED8800017793 /* Roar3.caf in Resources */,
				88C0CDA61D9CAC49006EE494 /* basic2-072_thumbs_up_like@3x.png in Resources */,
				6056261BF25471DD2B787AA6 /* Growling3.caf in Resources */,
				605622EA0E7F2667FD093687 /* Knocking5.caf in Resources */,
				88C0CD7A1D9C8BE1006EE494 /* basic1-164_temperature_high@2x.png in Resources */,
				88C0CD6C1D9C8A74006EE494 /* basic2-175_light_bulb_on.png in Resources */,
				60562E6241132BCC9684C12F /* Knocking4.caf in Resources */,
				60562A5B9D176EC9D82BDF40 /* Scratching4.caf in Resources */,
				88C0CDA01D9CAC49006EE494 /* basic2-001_comment_bubble_chat@3x.png in Resources */,
				60562F3338D9846452334260 /* Scratching3.caf in Resources */,
				88C0CD8B1D9C9623006EE494 /* basic1-097_camera_photography@3x.png in Resources */,
				88C0CD921D9C9B3B006EE494 /* basic2-293_dashboard_gauge@2x.png in Resources */,
				60562A2799B9138E57CA2B45 /* Screaming1.caf in Resources */,
				6056291A2DFD19D5912730DA /* Screaming2.caf in Resources */,
				60562C88749560C2EA7AA0FE /* Screaming3.caf in Resources */,
				60562F99A592FC22AF452327 /* Whispering1.caf in Resources */,
				605629CF9AD34A6D948A3AEA /* Whispering4.caf in Resources */,
				88C0CD701D9C8A74006EE494 /* basic2-175_light_bulb_on@3x.png in Resources */,
				882E44D41DA1ED8800017793 /* Roar5.caf in Resources */,
				882E44D21DA1ED8800017793 /* Roar4.caf in Resources */,
				605628AD60EDEB4950C1D714 /* Footsteps8.caf in Resources */,
				60562762B543842EB3481EDA /* Footsteps6.caf in Resources */,
				60562B60A03BF8A633A1E345 /* Footsteps7.caf in Resources */,
				605620F9CE68272F7B52E8FE /* Whispering5.caf in Resources */,
				6056228458084616DCB5D683 /* Scratching5.caf in Resources */,
				605629C6CED7E221B566A041 /* Shutter.caf in Resources */,
			);
			runOnlyForDeploymentPostprocessing = 0;
		};
/* End PBXResourcesBuildPhase section */

/* Begin PBXSourcesBuildPhase section */
		8807B53B1D541ED500BA3EA5 /* Sources */ = {
			isa = PBXSourcesBuildPhase;
			buildActionMask = 2147483647;
			files = (
				8807B5431D541ED500BA3EA5 /* AppDelegate.swift in Sources */,
				60562D7F07B99EA257BECCD6 /* IsGhostInViewMessage.swift in Sources */,
				60562E7B8969E3D119B2B0FC /* HeartbeatMessage.swift in Sources */,
				6056298F9E549B866376E700 /* PhraseRecognizedMessage.swift in Sources */,
				6056275A8E40AE9DF4135C2B /* ActivityChangedMessage.swift in Sources */,
				6056254ADA668CDFDD7DD4FB /* FlashlightOnOffMessage.swift in Sources */,
				60562E1EEA3522AEFEE9E4C0 /* Manifestation.swift in Sources */,
				6056203DE6788414F8785DCE /* ManifestationSet.swift in Sources */,
				60562D307537A7C89FEBE65B /* RangeExtensions.swift in Sources */,
				60562A10B764938AE9F53EF4 /* ArrayExtensions.swift in Sources */,
				605621ED6843F003FEC97876 /* SoundManifestation.swift in Sources */,
				60562C056050E1631F2097CB /* FlashlightFlickerManifestation.swift in Sources */,
				6056260E381841C34DDB8477 /* FlashlightOffManifestation.swift in Sources */,
				60562482071FF8B1F33D20A2 /* FlashlightFlickerMessage.swift in Sources */,
				6056256193AACFD970E02174 /* OrbVisibilityManifestation.swift in Sources */,
				6056266550797DBED3B8799A /* UtteranceMessage.swift in Sources */,
				60562676C6DCC695B65E4A0E /* YesNoResponseMessage.swift in Sources */,
				6056251C58988E6F751022C7 /* HUDController.swift in Sources */,
				60562174042389842EE190F0 /* GameViewController.swift in Sources */,
				60562B3A76A55F9A4B17C24F /* VoiceController.swift in Sources */,
				60562C6762F56ABAC2A68D30 /* FlashlightController.swift in Sources */,
				605620C1419837F52FBA9C0D /* GhostController.swift in Sources */,
				605622D9EB02A5B672178222 /* YesNoResponse.swift in Sources */,
				60562684FBEE30C528DE7793 /* ResponseBase.swift in Sources */,
				60562F42E04420EBC7D032FE /* Messenger.swift in Sources */,
				60562A5DE8F0FD9FD1F4EB9A /* MessengerSubscriber.swift in Sources */,
				60562616F462630F81391868 /* HUDScene.swift in Sources */,
				60562FE1788D77780CF5BFD5 /* SceneRendererDelegate.swift in Sources */,
				60562E4C819DBE57800A2E5E /* VerbalResponse.swift in Sources */,
				60562C8BE20B507B2FF70B35 /* VerbalResponseMessage.swift in Sources */,
				60562C7C3618018B68C57C7C /* IsGhostVisibleMessage.swift in Sources */,
				60562C055A66A36384964020 /* ScoreIncreasedMessage.swift in Sources */,
				60562F0A76BF4184C83E0DE7 /* VisibilityManifestationBase.swift in Sources */,
				605628BE1FF9C736180152E1 /* MistVisibilityManifestation.swift in Sources */,
				6056258524199E4AE60948CE /* ShadowVisibilityManifestation.swift in Sources */,
				605629D55E97ED61209C26EE /* FigureVisibilityManifestation.swift in Sources */,
				60562A1009E3583B68104BA4 /* GameOverMessage.swift in Sources */,
				60562C08484921D90DF43775 /* Utility.swift in Sources */,
			);
			runOnlyForDeploymentPostprocessing = 0;
		};
		8807B5511D541ED500BA3EA5 /* Sources */ = {
			isa = PBXSourcesBuildPhase;
			buildActionMask = 2147483647;
			files = (
				8807B55A1D541ED500BA3EA5 /* GhostHuntSimTests.swift in Sources */,
				60562BD0791130FB839AF6C1 /* IsGhostInViewMessage.swift in Sources */,
				6056236C28D5D814B7E3CA71 /* HeartbeatMessage.swift in Sources */,
				60562C19E05ABBC8C6710B34 /* PhraseRecognizedMessage.swift in Sources */,
				6056211772C8D1F5500741AC /* ActivityChangedMessage.swift in Sources */,
				6056256DF78B63F231A079DE /* FlashlightOnOffMessage.swift in Sources */,
				605621427EE37DF026668720 /* Manifestation.swift in Sources */,
				605627A148768F0D8E5AC84F /* ManifestationSet.swift in Sources */,
				6056244A20AB57B0598AA7DD /* RangeExtensions.swift in Sources */,
				605622AB577308BFC86ACD55 /* ArrayExtensions.swift in Sources */,
				60562DB548D9C2E5F1ED9351 /* SoundManifestation.swift in Sources */,
				605621E51ED10750A7EEE5F8 /* FlashlightFlickerManifestation.swift in Sources */,
				605620916CECF9A0D42076CE /* FlashlightOffManifestation.swift in Sources */,
				605624FCAE4A04A5A7D86E15 /* FlashlightFlickerMessage.swift in Sources */,
				60562059F13F04C3C4C2F810 /* OrbVisibilityManifestation.swift in Sources */,
				605624B682373D7515282F8B /* UtteranceMessage.swift in Sources */,
				6056228A8E019F235FE5675A /* YesNoResponseMessage.swift in Sources */,
				605629429B39A24BD76C6AC5 /* HUDController.swift in Sources */,
				605623F8C5F8131DFD13C772 /* VoiceController.swift in Sources */,
				60562282CFD515F53F6B462F /* FlashlightController.swift in Sources */,
				60562B6D8B6733899C041E15 /* GhostController.swift in Sources */,
				60562DB5FCB9463A058C4FF7 /* YesNoResponse.swift in Sources */,
				60562D1A9C418DE5A8DF320F /* ResponseBase.swift in Sources */,
				60562A000C6254D04D772957 /* Messenger.swift in Sources */,
				60562D2A5CBCFAC86477EC9F /* MessengerSubscriber.swift in Sources */,
				60562AC1A9A5F299338B8AD9 /* HUDScene.swift in Sources */,
				6056299132E1ECC9D33FAD4A /* VerbalResponse.swift in Sources */,
				60562ED3C93C783598570BD8 /* VerbalResponseMessage.swift in Sources */,
				605625DBABDDA961E261A3FA /* IsGhostVisibleMessage.swift in Sources */,
				60562481CC4C3B2D47EEAD98 /* ScoreIncreasedMessage.swift in Sources */,
				605628D5F7E6D18A6466C81A /* VisibilityManifestationBase.swift in Sources */,
				60562C00F281F80C63E4C05E /* MistVisibilityManifestation.swift in Sources */,
				60562B7CBDCD38E7EACE8921 /* ShadowVisibilityManifestation.swift in Sources */,
				60562822E194C0C9A383E201 /* FigureVisibilityManifestation.swift in Sources */,
				6056269C17EAE86F52B6EA22 /* GameOverMessage.swift in Sources */,
				6056228A61857364B5B88BCB /* Utility.swift in Sources */,
			);
			runOnlyForDeploymentPostprocessing = 0;
		};
/* End PBXSourcesBuildPhase section */

/* Begin PBXTargetDependency section */
		8807B5571D541ED500BA3EA5 /* PBXTargetDependency */ = {
			isa = PBXTargetDependency;
			target = 8807B53E1D541ED500BA3EA5 /* GhostHuntSim */;
			targetProxy = 8807B5561D541ED500BA3EA5 /* PBXContainerItemProxy */;
		};
/* End PBXTargetDependency section */

/* Begin PBXVariantGroup section */
		8807B5481D541ED500BA3EA5 /* Main.storyboard */ = {
			isa = PBXVariantGroup;
			children = (
				8807B5491D541ED500BA3EA5 /* Base */,
			);
			name = Main.storyboard;
			sourceTree = "<group>";
		};
		8807B54D1D541ED500BA3EA5 /* LaunchScreen.storyboard */ = {
			isa = PBXVariantGroup;
			children = (
				8807B54E1D541ED500BA3EA5 /* Base */,
			);
			name = LaunchScreen.storyboard;
			sourceTree = "<group>";
		};
/* End PBXVariantGroup section */

/* Begin XCBuildConfiguration section */
		8807B55C1D541ED500BA3EA5 /* Debug */ = {
			isa = XCBuildConfiguration;
			buildSettings = {
				ALWAYS_SEARCH_USER_PATHS = NO;
				CLANG_ANALYZER_NONNULL = YES;
				CLANG_CXX_LANGUAGE_STANDARD = "gnu++0x";
				CLANG_CXX_LIBRARY = "libc++";
				CLANG_ENABLE_MODULES = YES;
				CLANG_ENABLE_OBJC_ARC = YES;
				CLANG_WARN_BOOL_CONVERSION = YES;
				CLANG_WARN_CONSTANT_CONVERSION = YES;
				CLANG_WARN_DIRECT_OBJC_ISA_USAGE = YES_ERROR;
				CLANG_WARN_EMPTY_BODY = YES;
				CLANG_WARN_ENUM_CONVERSION = YES;
				CLANG_WARN_INFINITE_RECURSION = YES;
				CLANG_WARN_INT_CONVERSION = YES;
				CLANG_WARN_OBJC_ROOT_CLASS = YES_ERROR;
				CLANG_WARN_SUSPICIOUS_MOVE = YES;
				CLANG_WARN_UNREACHABLE_CODE = YES;
				CLANG_WARN__DUPLICATE_METHOD_MATCH = YES;
				CODE_SIGN_IDENTITY = "iPhone Developer: Jesse Douglas (Z83Q7TMQ2Z)";
				"CODE_SIGN_IDENTITY[sdk=iphoneos*]" = "iPhone Developer: Jesse Douglas (Z83Q7TMQ2Z)";
				COPY_PHASE_STRIP = NO;
				DEBUG_INFORMATION_FORMAT = "dwarf-with-dsym";
				ENABLE_STRICT_OBJC_MSGSEND = YES;
				ENABLE_TESTABILITY = YES;
				GCC_C_LANGUAGE_STANDARD = gnu99;
				GCC_DYNAMIC_NO_PIC = NO;
				GCC_NO_COMMON_BLOCKS = YES;
				GCC_OPTIMIZATION_LEVEL = 0;
				GCC_PREPROCESSOR_DEFINITIONS = (
					"DEBUG=1",
					"$(inherited)",
				);
				GCC_WARN_64_TO_32_BIT_CONVERSION = YES;
				GCC_WARN_ABOUT_RETURN_TYPE = YES_ERROR;
				GCC_WARN_UNDECLARED_SELECTOR = YES;
				GCC_WARN_UNINITIALIZED_AUTOS = YES_AGGRESSIVE;
				GCC_WARN_UNUSED_FUNCTION = YES;
				GCC_WARN_UNUSED_VARIABLE = YES;
				IPHONEOS_DEPLOYMENT_TARGET = 9.0;
				MTL_ENABLE_DEBUG_INFO = YES;
				ONLY_ACTIVE_ARCH = YES;
				SDKROOT = iphoneos;
				SWIFT_OPTIMIZATION_LEVEL = "-Onone";
				TARGETED_DEVICE_FAMILY = "1,2";
			};
			name = Debug;
		};
		8807B55D1D541ED500BA3EA5 /* Release */ = {
			isa = XCBuildConfiguration;
			buildSettings = {
				ALWAYS_SEARCH_USER_PATHS = NO;
				CLANG_ANALYZER_NONNULL = YES;
				CLANG_CXX_LANGUAGE_STANDARD = "gnu++0x";
				CLANG_CXX_LIBRARY = "libc++";
				CLANG_ENABLE_MODULES = YES;
				CLANG_ENABLE_OBJC_ARC = YES;
				CLANG_WARN_BOOL_CONVERSION = YES;
				CLANG_WARN_CONSTANT_CONVERSION = YES;
				CLANG_WARN_DIRECT_OBJC_ISA_USAGE = YES_ERROR;
				CLANG_WARN_EMPTY_BODY = YES;
				CLANG_WARN_ENUM_CONVERSION = YES;
				CLANG_WARN_INFINITE_RECURSION = YES;
				CLANG_WARN_INT_CONVERSION = YES;
				CLANG_WARN_OBJC_ROOT_CLASS = YES_ERROR;
				CLANG_WARN_SUSPICIOUS_MOVE = YES;
				CLANG_WARN_UNREACHABLE_CODE = YES;
				CLANG_WARN__DUPLICATE_METHOD_MATCH = YES;
				CODE_SIGN_IDENTITY = "";
				"CODE_SIGN_IDENTITY[sdk=iphoneos*]" = "";
				COPY_PHASE_STRIP = NO;
				DEBUG_INFORMATION_FORMAT = "dwarf-with-dsym";
				ENABLE_NS_ASSERTIONS = NO;
				ENABLE_STRICT_OBJC_MSGSEND = YES;
				GCC_C_LANGUAGE_STANDARD = gnu99;
				GCC_NO_COMMON_BLOCKS = YES;
				GCC_WARN_64_TO_32_BIT_CONVERSION = YES;
				GCC_WARN_ABOUT_RETURN_TYPE = YES_ERROR;
				GCC_WARN_UNDECLARED_SELECTOR = YES;
				GCC_WARN_UNINITIALIZED_AUTOS = YES_AGGRESSIVE;
				GCC_WARN_UNUSED_FUNCTION = YES;
				GCC_WARN_UNUSED_VARIABLE = YES;
				IPHONEOS_DEPLOYMENT_TARGET = 9.0;
				MTL_ENABLE_DEBUG_INFO = NO;
				SDKROOT = iphoneos;
				SWIFT_OPTIMIZATION_LEVEL = "-Owholemodule";
				TARGETED_DEVICE_FAMILY = "1,2";
				VALIDATE_PRODUCT = YES;
			};
			name = Release;
		};
		8807B55F1D541ED500BA3EA5 /* Debug */ = {
			isa = XCBuildConfiguration;
			buildSettings = {
				ASSETCATALOG_COMPILER_APPICON_NAME = AppIcon;
				"CODE_SIGN_IDENTITY[sdk=iphoneos*]" = "iPhone Developer";
				DEPLOYMENT_POSTPROCESSING = YES;
				DEVELOPMENT_TEAM = X295ZZ5D8X;
				ENABLE_BITCODE = NO;
				FRAMEWORK_SEARCH_PATHS = (
					"$(inherited)",
					"$(PROJECT_DIR)/Framework",
				);
				INFOPLIST_FILE = GhostHuntSim/Info.plist;
				LD_RUNPATH_SEARCH_PATHS = "$(inherited) @executable_path/Frameworks";
				OTHER_LDFLAGS = "-ObjC";
				PRODUCT_BUNDLE_IDENTIFIER = net.jessedouglas.aranormal;
				PRODUCT_NAME = ARanormal;
				SWIFT_OBJC_BRIDGING_HEADER = "GhostHuntSim/GhostHuntSim-Bridging-Header.h";
				SWIFT_VERSION = 2.3;
			};
			name = Debug;
		};
		8807B5601D541ED500BA3EA5 /* Release */ = {
			isa = XCBuildConfiguration;
			buildSettings = {
				ASSETCATALOG_COMPILER_APPICON_NAME = AppIcon;
				"CODE_SIGN_IDENTITY[sdk=iphoneos*]" = "iPhone Developer";
				DEPLOYMENT_POSTPROCESSING = YES;
				DEVELOPMENT_TEAM = X295ZZ5D8X;
				ENABLE_BITCODE = NO;
				FRAMEWORK_SEARCH_PATHS = (
					"$(inherited)",
					"$(PROJECT_DIR)/Framework",
				);
				INFOPLIST_FILE = GhostHuntSim/Info.plist;
				LD_RUNPATH_SEARCH_PATHS = "$(inherited) @executable_path/Frameworks";
				OTHER_LDFLAGS = "-ObjC";
				PRODUCT_BUNDLE_IDENTIFIER = net.jessedouglas.aranormal;
				PRODUCT_NAME = ARanormal;
				SWIFT_OBJC_BRIDGING_HEADER = "GhostHuntSim/GhostHuntSim-Bridging-Header.h";
				SWIFT_VERSION = 2.3;
			};
			name = Release;
		};
		8807B5621D541ED500BA3EA5 /* Debug */ = {
			isa = XCBuildConfiguration;
			buildSettings = {
				BUNDLE_LOADER = "$(TEST_HOST)";
				"CODE_SIGN_IDENTITY[sdk=iphoneos*]" = "iPhone Developer";
				DEBUG_INFORMATION_FORMAT = dwarf;
				DEVELOPMENT_TEAM = X295ZZ5D8X;
				FRAMEWORK_SEARCH_PATHS = (
					"$(inherited)",
					"$(PROJECT_DIR)/Framework",
				);
				INFOPLIST_FILE = GhostHuntSimTests/Info.plist;
				LD_RUNPATH_SEARCH_PATHS = "$(inherited) @executable_path/Frameworks @loader_path/Frameworks";
				PRODUCT_BUNDLE_IDENTIFIER = net.jessedouglas.GhostHuntSimTests;
				PRODUCT_NAME = "$(TARGET_NAME)";
				SWIFT_VERSION = 2.3;
				TEST_HOST = "$(BUILT_PRODUCTS_DIR)/GhostHuntSim.app/GhostHuntSim";
			};
			name = Debug;
		};
		8807B5631D541ED500BA3EA5 /* Release */ = {
			isa = XCBuildConfiguration;
			buildSettings = {
				BUNDLE_LOADER = "$(TEST_HOST)";
				"CODE_SIGN_IDENTITY[sdk=iphoneos*]" = "iPhone Developer";
				DEVELOPMENT_TEAM = X295ZZ5D8X;
				FRAMEWORK_SEARCH_PATHS = (
					"$(inherited)",
					"$(PROJECT_DIR)/Framework",
				);
				INFOPLIST_FILE = GhostHuntSimTests/Info.plist;
				LD_RUNPATH_SEARCH_PATHS = "$(inherited) @executable_path/Frameworks @loader_path/Frameworks";
				PRODUCT_BUNDLE_IDENTIFIER = net.jessedouglas.GhostHuntSimTests;
				PRODUCT_NAME = "$(TARGET_NAME)";
				SWIFT_VERSION = 2.3;
				TEST_HOST = "$(BUILT_PRODUCTS_DIR)/GhostHuntSim.app/GhostHuntSim";
			};
			name = Release;
		};
/* End XCBuildConfiguration section */

/* Begin XCConfigurationList section */
		8807B53A1D541ED500BA3EA5 /* Build configuration list for PBXProject "GhostHuntSim" */ = {
			isa = XCConfigurationList;
			buildConfigurations = (
				8807B55C1D541ED500BA3EA5 /* Debug */,
				8807B55D1D541ED500BA3EA5 /* Release */,
			);
			defaultConfigurationIsVisible = 0;
			defaultConfigurationName = Release;
		};
		8807B55E1D541ED500BA3EA5 /* Build configuration list for PBXNativeTarget "GhostHuntSim" */ = {
			isa = XCConfigurationList;
			buildConfigurations = (
				8807B55F1D541ED500BA3EA5 /* Debug */,
				8807B5601D541ED500BA3EA5 /* Release */,
			);
			defaultConfigurationIsVisible = 0;
			defaultConfigurationName = Release;
		};
		8807B5611D541ED500BA3EA5 /* Build configuration list for PBXNativeTarget "GhostHuntSimTests" */ = {
			isa = XCConfigurationList;
			buildConfigurations = (
				8807B5621D541ED500BA3EA5 /* Debug */,
				8807B5631D541ED500BA3EA5 /* Release */,
			);
			defaultConfigurationIsVisible = 0;
			defaultConfigurationName = Release;
		};
/* End XCConfigurationList section */
	};
	rootObject = 8807B5371D541ED500BA3EA5 /* Project object */;
}
